
Microsoft Visual Studio Solution File, Format Version 12.00
# Visual Studio 14
VisualStudioVersion = 14.0.25420.1
MinimumVisualStudioVersion = 10.0.40219.1
Project("{8BC9CEB8-8B4A-11D0-8D11-00A0C91BC942}") = "7z", "CPP\7zip\Bundles\Format7zF\Format7z.vcxproj", "{8D4E775F-1FF8-4648-BAC2-C07EBFCDA91D}"
EndProject
Project("{2150E333-8FDC-42A3-9474-1A3956D46DE8}") = "DOC", "DOC", "{248B21F0-24CF-441E-A05E-EF0D922F3A8F}"
	ProjectSection(SolutionItems) = preProject
		DOC\7zC.txt = DOC\7zC.txt
		DOC\7zFormat.txt = DOC\7zFormat.txt
		DOC\7zip.hhp = DOC\7zip.hhp
		DOC\7zip.inf = DOC\7zip.inf
		DOC\7zip.nsi = DOC\7zip.nsi
		DOC\7zip.wxs = DOC\7zip.wxs
		DOC\copying.txt = DOC\copying.txt
		DOC\License.txt = DOC\License.txt
		DOC\lzma.txt = DOC\lzma.txt
		DOC\Methods.txt = DOC\Methods.txt
		DOC\readme.txt = DOC\readme.txt
		DOC\src-history.txt = DOC\src-history.txt
		DOC\unRarLicense.txt = DOC\unRarLicense.txt
	EndProjectSection
EndProject
Project("{2150E333-8FDC-42A3-9474-1A3956D46DE8}") = "CPP", "CPP", "{E378318B-27F3-4B7A-9EC9-9FF6C81DEF08}"
EndProject
Project("{2150E333-8FDC-42A3-9474-1A3956D46DE8}") = "Windows", "Windows", "{6099C8AC-0618-4EEF-B114-18435BCDC9E7}"
	ProjectSection(SolutionItems) = preProject
		CPP\Windows\Clipboard.cpp = CPP\Windows\Clipboard.cpp
		CPP\Windows\Clipboard.h = CPP\Windows\Clipboard.h
		CPP\Windows\COM.cpp = CPP\Windows\COM.cpp
		CPP\Windows\COM.h = CPP\Windows\COM.h
		CPP\Windows\CommonDialog.cpp = CPP\Windows\CommonDialog.cpp
		CPP\Windows\CommonDialog.h = CPP\Windows\CommonDialog.h
		CPP\Windows\Console.cpp = CPP\Windows\Console.cpp
		CPP\Windows\Console.h = CPP\Windows\Console.h
		CPP\Windows\Defs.h = CPP\Windows\Defs.h
		CPP\Windows\DLL.cpp = CPP\Windows\DLL.cpp
		CPP\Windows\DLL.h = CPP\Windows\DLL.h
		CPP\Windows\ErrorMsg.cpp = CPP\Windows\ErrorMsg.cpp
		CPP\Windows\ErrorMsg.h = CPP\Windows\ErrorMsg.h
		CPP\Windows\FileDir.cpp = CPP\Windows\FileDir.cpp
		CPP\Windows\FileDir.h = CPP\Windows\FileDir.h
		CPP\Windows\FileFind.cpp = CPP\Windows\FileFind.cpp
		CPP\Windows\FileFind.h = CPP\Windows\FileFind.h
		CPP\Windows\FileIO.cpp = CPP\Windows\FileIO.cpp
		CPP\Windows\FileIO.h = CPP\Windows\FileIO.h
		CPP\Windows\FileLink.cpp = CPP\Windows\FileLink.cpp
		CPP\Windows\FileMapping.cpp = CPP\Windows\FileMapping.cpp
		CPP\Windows\FileMapping.h = CPP\Windows\FileMapping.h
		CPP\Windows\FileName.cpp = CPP\Windows\FileName.cpp
		CPP\Windows\FileName.h = CPP\Windows\FileName.h
		CPP\Windows\FileSystem.cpp = CPP\Windows\FileSystem.cpp
		CPP\Windows\FileSystem.h = CPP\Windows\FileSystem.h
		CPP\Windows\Handle.h = CPP\Windows\Handle.h
		CPP\Windows\MemoryGlobal.cpp = CPP\Windows\MemoryGlobal.cpp
		CPP\Windows\MemoryGlobal.h = CPP\Windows\MemoryGlobal.h
		CPP\Windows\MemoryLock.cpp = CPP\Windows\MemoryLock.cpp
		CPP\Windows\MemoryLock.h = CPP\Windows\MemoryLock.h
		CPP\Windows\Menu.cpp = CPP\Windows\Menu.cpp
		CPP\Windows\Menu.h = CPP\Windows\Menu.h
		CPP\Windows\NationalTime.cpp = CPP\Windows\NationalTime.cpp
		CPP\Windows\NationalTime.h = CPP\Windows\NationalTime.h
		CPP\Windows\Net.cpp = CPP\Windows\Net.cpp
		CPP\Windows\Net.h = CPP\Windows\Net.h
		CPP\Windows\NtCheck.h = CPP\Windows\NtCheck.h
		CPP\Windows\ProcessMessages.cpp = CPP\Windows\ProcessMessages.cpp
		CPP\Windows\ProcessMessages.h = CPP\Windows\ProcessMessages.h
		CPP\Windows\ProcessUtils.cpp = CPP\Windows\ProcessUtils.cpp
		CPP\Windows\ProcessUtils.h = CPP\Windows\ProcessUtils.h
		CPP\Windows\PropVariant.cpp = CPP\Windows\PropVariant.cpp
		CPP\Windows\PropVariant.h = CPP\Windows\PropVariant.h
		CPP\Windows\PropVariantConv.cpp = CPP\Windows\PropVariantConv.cpp
		CPP\Windows\PropVariantConv.h = CPP\Windows\PropVariantConv.h
		CPP\Windows\PropVariantUtils.cpp = CPP\Windows\PropVariantUtils.cpp
		CPP\Windows\PropVariantUtils.h = CPP\Windows\PropVariantUtils.h
		CPP\Windows\Registry.cpp = CPP\Windows\Registry.cpp
		CPP\Windows\Registry.h = CPP\Windows\Registry.h
		CPP\Windows\ResourceString.cpp = CPP\Windows\ResourceString.cpp
		CPP\Windows\ResourceString.h = CPP\Windows\ResourceString.h
		CPP\Windows\SecurityUtils.cpp = CPP\Windows\SecurityUtils.cpp
		CPP\Windows\SecurityUtils.h = CPP\Windows\SecurityUtils.h
		CPP\Windows\Shell.cpp = CPP\Windows\Shell.cpp
		CPP\Windows\Shell.h = CPP\Windows\Shell.h
		CPP\Windows\StdAfx.h = CPP\Windows\StdAfx.h
		CPP\Windows\Synchronization.cpp = CPP\Windows\Synchronization.cpp
		CPP\Windows\Synchronization.h = CPP\Windows\Synchronization.h
		CPP\Windows\System.cpp = CPP\Windows\System.cpp
		CPP\Windows\System.h = CPP\Windows\System.h
		CPP\Windows\Thread.h = CPP\Windows\Thread.h
		CPP\Windows\TimeUtils.cpp = CPP\Windows\TimeUtils.cpp
		CPP\Windows\TimeUtils.h = CPP\Windows\TimeUtils.h
		CPP\Windows\Window.cpp = CPP\Windows\Window.cpp
		CPP\Windows\Window.h = CPP\Windows\Window.h
	EndProjectSection
EndProject
Project("{2150E333-8FDC-42A3-9474-1A3956D46DE8}") = "Common", "Common", "{CA226D55-71CB-409F-BA89-A55D669C5544}"
	ProjectSection(SolutionItems) = preProject
		CPP\Common\AutoPtr.h = CPP\Common\AutoPtr.h
		CPP\Common\C_FileIO.cpp = CPP\Common\C_FileIO.cpp
		CPP\Common\C_FileIO.h = CPP\Common\C_FileIO.h
		CPP\Common\CommandLineParser.cpp = CPP\Common\CommandLineParser.cpp
		CPP\Common\CommandLineParser.h = CPP\Common\CommandLineParser.h
		CPP\Common\Common.h = CPP\Common\Common.h
		CPP\Common\ComTry.h = CPP\Common\ComTry.h
		CPP\Common\CRC.cpp = CPP\Common\CRC.cpp
		CPP\Common\CrcReg.cpp = CPP\Common\CrcReg.cpp
		CPP\Common\Defs.h = CPP\Common\Defs.h
		CPP\Common\DynamicBuffer.h = CPP\Common\DynamicBuffer.h
		CPP\Common\DynLimBuf.cpp = CPP\Common\DynLimBuf.cpp
		CPP\Common\DynLimBuf.h = CPP\Common\DynLimBuf.h
		CPP\Common\IntToString.cpp = CPP\Common\IntToString.cpp
		CPP\Common\IntToString.h = CPP\Common\IntToString.h
		CPP\Common\Lang.cpp = CPP\Common\Lang.cpp
		CPP\Common\Lang.h = CPP\Common\Lang.h
		CPP\Common\ListFileUtils.cpp = CPP\Common\ListFileUtils.cpp
		CPP\Common\ListFileUtils.h = CPP\Common\ListFileUtils.h
		CPP\Common\MyBuffer.h = CPP\Common\MyBuffer.h
		CPP\Common\MyCom.h = CPP\Common\MyCom.h
		CPP\Common\MyException.h = CPP\Common\MyException.h
		CPP\Common\MyGuidDef.h = CPP\Common\MyGuidDef.h
		CPP\Common\MyInitGuid.h = CPP\Common\MyInitGuid.h
		CPP\Common\MyLinux.h = CPP\Common\MyLinux.h
		CPP\Common\MyMap.cpp = CPP\Common\MyMap.cpp
		CPP\Common\MyMap.h = CPP\Common\MyMap.h
		CPP\Common\MyString.cpp = CPP\Common\MyString.cpp
		CPP\Common\MyString.h = CPP\Common\MyString.h
		CPP\Common\MyTypes.h = CPP\Common\MyTypes.h
		CPP\Common\MyUnknown.h = CPP\Common\MyUnknown.h
		CPP\Common\MyVector.cpp = CPP\Common\MyVector.cpp
		CPP\Common\MyVector.h = CPP\Common\MyVector.h
		CPP\Common\MyWindows.cpp = CPP\Common\MyWindows.cpp
		CPP\Common\MyWindows.h = CPP\Common\MyWindows.h
		CPP\Common\MyXml.cpp = CPP\Common\MyXml.cpp
		CPP\Common\MyXml.h = CPP\Common\MyXml.h
		CPP\Common\NewHandler.cpp = CPP\Common\NewHandler.cpp
		CPP\Common\NewHandler.h = CPP\Common\NewHandler.h
		CPP\Common\Random.cpp = CPP\Common\Random.cpp
		CPP\Common\Random.h = CPP\Common\Random.h
		CPP\Common\Sha1Reg.cpp = CPP\Common\Sha1Reg.cpp
		CPP\Common\Sha256Reg.cpp = CPP\Common\Sha256Reg.cpp
		CPP\Common\StdAfx.h = CPP\Common\StdAfx.h
		CPP\Common\StdInStream.cpp = CPP\Common\StdInStream.cpp
		CPP\Common\StdInStream.h = CPP\Common\StdInStream.h
		CPP\Common\StdOutStream.cpp = CPP\Common\StdOutStream.cpp
		CPP\Common\StdOutStream.h = CPP\Common\StdOutStream.h
		CPP\Common\StringConvert.cpp = CPP\Common\StringConvert.cpp
		CPP\Common\StringConvert.h = CPP\Common\StringConvert.h
		CPP\Common\StringToInt.cpp = CPP\Common\StringToInt.cpp
		CPP\Common\StringToInt.h = CPP\Common\StringToInt.h
		CPP\Common\TextConfig.cpp = CPP\Common\TextConfig.cpp
		CPP\Common\TextConfig.h = CPP\Common\TextConfig.h
		CPP\Common\UTFConvert.cpp = CPP\Common\UTFConvert.cpp
		CPP\Common\UTFConvert.h = CPP\Common\UTFConvert.h
		CPP\Common\Wildcard.cpp = CPP\Common\Wildcard.cpp
		CPP\Common\Wildcard.h = CPP\Common\Wildcard.h
		CPP\Common\XzCrc64Reg.cpp = CPP\Common\XzCrc64Reg.cpp
	EndProjectSection
EndProject
Project("{2150E333-8FDC-42A3-9474-1A3956D46DE8}") = "7zip", "7zip", "{3BE58922-CC7F-41A4-B424-B2B7CE9603B2}"
	ProjectSection(SolutionItems) = preProject
		CPP\7zip\7zip.mak = CPP\7zip\7zip.mak
		CPP\7zip\Aes.mak = CPP\7zip\Aes.mak
		CPP\7zip\Asm.mak = CPP\7zip\Asm.mak
		CPP\7zip\Crc.mak = CPP\7zip\Crc.mak
		CPP\7zip\Crc64.mak = CPP\7zip\Crc64.mak
		CPP\7zip\GuiCommon.rc = CPP\7zip\GuiCommon.rc
		CPP\7zip\Guid.txt = CPP\7zip\Guid.txt
		CPP\7zip\ICoder.h = CPP\7zip\ICoder.h
		CPP\7zip\IDecl.h = CPP\7zip\IDecl.h
		CPP\7zip\IPassword.h = CPP\7zip\IPassword.h
		CPP\7zip\IProgress.h = CPP\7zip\IProgress.h
		CPP\7zip\IStream.h = CPP\7zip\IStream.h
		CPP\7zip\makefile = CPP\7zip\makefile
		CPP\7zip\MyVersion.h = CPP\7zip\MyVersion.h
		CPP\7zip\MyVersionInfo.rc = CPP\7zip\MyVersionInfo.rc
		CPP\7zip\PropID.h = CPP\7zip\PropID.h
		CPP\7zip\SubBuild.mak = CPP\7zip\SubBuild.mak
	EndProjectSection
EndProject
Project("{2150E333-8FDC-42A3-9474-1A3956D46DE8}") = "Control", "Control", "{3F737FFB-7118-46F0-A9FF-97E1E80A8C2D}"
	ProjectSection(SolutionItems) = preProject
		CPP\Windows\Control\ComboBox.cpp = CPP\Windows\Control\ComboBox.cpp
		CPP\Windows\Control\ComboBox.h = CPP\Windows\Control\ComboBox.h
		CPP\Windows\Control\CommandBar.h = CPP\Windows\Control\CommandBar.h
		CPP\Windows\Control\Dialog.cpp = CPP\Windows\Control\Dialog.cpp
		CPP\Windows\Control\Dialog.h = CPP\Windows\Control\Dialog.h
		CPP\Windows\Control\Edit.h = CPP\Windows\Control\Edit.h
		CPP\Windows\Control\ImageList.cpp = CPP\Windows\Control\ImageList.cpp
		CPP\Windows\Control\ImageList.h = CPP\Windows\Control\ImageList.h
		CPP\Windows\Control\ListView.cpp = CPP\Windows\Control\ListView.cpp
		CPP\Windows\Control\ListView.h = CPP\Windows\Control\ListView.h
		CPP\Windows\Control\ProgressBar.h = CPP\Windows\Control\ProgressBar.h
		CPP\Windows\Control\PropertyPage.cpp = CPP\Windows\Control\PropertyPage.cpp
		CPP\Windows\Control\PropertyPage.h = CPP\Windows\Control\PropertyPage.h
		CPP\Windows\Control\ReBar.h = CPP\Windows\Control\ReBar.h
		CPP\Windows\Control\Static.h = CPP\Windows\Control\Static.h
		CPP\Windows\Control\StatusBar.h = CPP\Windows\Control\StatusBar.h
		CPP\Windows\Control\StdAfx.h = CPP\Windows\Control\StdAfx.h
		CPP\Windows\Control\ToolBar.h = CPP\Windows\Control\ToolBar.h
		CPP\Windows\Control\Trackbar.h = CPP\Windows\Control\Trackbar.h
		CPP\Windows\Control\Window2.cpp = CPP\Windows\Control\Window2.cpp
		CPP\Windows\Control\Window2.h = CPP\Windows\Control\Window2.h
	EndProjectSection
EndProject
Project("{2150E333-8FDC-42A3-9474-1A3956D46DE8}") = "UI", "UI", "{75E60AAC-B311-4E00-AF06-E1B01832380E}"
	ProjectSection(SolutionItems) = preProject
		CPP\7zip\UI\makefile = CPP\7zip\UI\makefile
	EndProjectSection
EndProject
Project("{2150E333-8FDC-42A3-9474-1A3956D46DE8}") = "Crypto", "Crypto", "{B67EA12E-BD67-4FD9-9870-B3E8C082ABC0}"
	ProjectSection(SolutionItems) = preProject
		CPP\7zip\Crypto\7zAes.cpp = CPP\7zip\Crypto\7zAes.cpp
		CPP\7zip\Crypto\7zAes.h = CPP\7zip\Crypto\7zAes.h
		CPP\7zip\Crypto\7zAesRegister.cpp = CPP\7zip\Crypto\7zAesRegister.cpp
		CPP\7zip\Crypto\Codec.def = CPP\7zip\Crypto\Codec.def
		CPP\7zip\Crypto\HmacSha1.cpp = CPP\7zip\Crypto\HmacSha1.cpp
		CPP\7zip\Crypto\HmacSha1.h = CPP\7zip\Crypto\HmacSha1.h
		CPP\7zip\Crypto\HmacSha256.cpp = CPP\7zip\Crypto\HmacSha256.cpp
		CPP\7zip\Crypto\HmacSha256.h = CPP\7zip\Crypto\HmacSha256.h
		CPP\7zip\Crypto\MyAes.cpp = CPP\7zip\Crypto\MyAes.cpp
		CPP\7zip\Crypto\MyAes.h = CPP\7zip\Crypto\MyAes.h
		CPP\7zip\Crypto\MyAesReg.cpp = CPP\7zip\Crypto\MyAesReg.cpp
		CPP\7zip\Crypto\Pbkdf2HmacSha1.cpp = CPP\7zip\Crypto\Pbkdf2HmacSha1.cpp
		CPP\7zip\Crypto\Pbkdf2HmacSha1.h = CPP\7zip\Crypto\Pbkdf2HmacSha1.h
		CPP\7zip\Crypto\RandGen.cpp = CPP\7zip\Crypto\RandGen.cpp
		CPP\7zip\Crypto\RandGen.h = CPP\7zip\Crypto\RandGen.h
		CPP\7zip\Crypto\Rar20Crypto.cpp = CPP\7zip\Crypto\Rar20Crypto.cpp
		CPP\7zip\Crypto\Rar20Crypto.h = CPP\7zip\Crypto\Rar20Crypto.h
		CPP\7zip\Crypto\Rar5Aes.cpp = CPP\7zip\Crypto\Rar5Aes.cpp
		CPP\7zip\Crypto\Rar5Aes.h = CPP\7zip\Crypto\Rar5Aes.h
		CPP\7zip\Crypto\RarAes.cpp = CPP\7zip\Crypto\RarAes.cpp
		CPP\7zip\Crypto\RarAes.h = CPP\7zip\Crypto\RarAes.h
		CPP\7zip\Crypto\Sha1Cls.h = CPP\7zip\Crypto\Sha1Cls.h
		CPP\7zip\Crypto\StdAfx.h = CPP\7zip\Crypto\StdAfx.h
		CPP\7zip\Crypto\WzAes.cpp = CPP\7zip\Crypto\WzAes.cpp
		CPP\7zip\Crypto\WzAes.h = CPP\7zip\Crypto\WzAes.h
		CPP\7zip\Crypto\ZipCrypto.cpp = CPP\7zip\Crypto\ZipCrypto.cpp
		CPP\7zip\Crypto\ZipCrypto.h = CPP\7zip\Crypto\ZipCrypto.h
		CPP\7zip\Crypto\ZipStrong.cpp = CPP\7zip\Crypto\ZipStrong.cpp
		CPP\7zip\Crypto\ZipStrong.h = CPP\7zip\Crypto\ZipStrong.h
	EndProjectSection
EndProject
Project("{2150E333-8FDC-42A3-9474-1A3956D46DE8}") = "Compress", "Compress", "{01AAED47-4270-43F9-B194-DBA7D02296AB}"
	ProjectSection(SolutionItems) = preProject
		CPP\7zip\Compress\Bcj2Coder.cpp = CPP\7zip\Compress\Bcj2Coder.cpp
		CPP\7zip\Compress\Bcj2Coder.h = CPP\7zip\Compress\Bcj2Coder.h
		CPP\7zip\Compress\Bcj2Register.cpp = CPP\7zip\Compress\Bcj2Register.cpp
		CPP\7zip\Compress\BcjCoder.cpp = CPP\7zip\Compress\BcjCoder.cpp
		CPP\7zip\Compress\BcjCoder.h = CPP\7zip\Compress\BcjCoder.h
		CPP\7zip\Compress\BcjRegister.cpp = CPP\7zip\Compress\BcjRegister.cpp
		CPP\7zip\Compress\BitlDecoder.cpp = CPP\7zip\Compress\BitlDecoder.cpp
		CPP\7zip\Compress\BitlDecoder.h = CPP\7zip\Compress\BitlDecoder.h
		CPP\7zip\Compress\BitlEncoder.h = CPP\7zip\Compress\BitlEncoder.h
		CPP\7zip\Compress\BitmDecoder.h = CPP\7zip\Compress\BitmDecoder.h
		CPP\7zip\Compress\BitmEncoder.h = CPP\7zip\Compress\BitmEncoder.h
		CPP\7zip\Compress\BranchMisc.cpp = CPP\7zip\Compress\BranchMisc.cpp
		CPP\7zip\Compress\BranchMisc.h = CPP\7zip\Compress\BranchMisc.h
		CPP\7zip\Compress\BranchRegister.cpp = CPP\7zip\Compress\BranchRegister.cpp
		CPP\7zip\Compress\ByteSwap.cpp = CPP\7zip\Compress\ByteSwap.cpp
		CPP\7zip\Compress\BZip2Const.h = CPP\7zip\Compress\BZip2Const.h
		CPP\7zip\Compress\BZip2Crc.cpp = CPP\7zip\Compress\BZip2Crc.cpp
		CPP\7zip\Compress\BZip2Crc.h = CPP\7zip\Compress\BZip2Crc.h
		CPP\7zip\Compress\BZip2Decoder.cpp = CPP\7zip\Compress\BZip2Decoder.cpp
		CPP\7zip\Compress\BZip2Decoder.h = CPP\7zip\Compress\BZip2Decoder.h
		CPP\7zip\Compress\BZip2Encoder.cpp = CPP\7zip\Compress\BZip2Encoder.cpp
		CPP\7zip\Compress\BZip2Encoder.h = CPP\7zip\Compress\BZip2Encoder.h
		CPP\7zip\Compress\BZip2Register.cpp = CPP\7zip\Compress\BZip2Register.cpp
		CPP\7zip\Compress\Codec.def = CPP\7zip\Compress\Codec.def
		CPP\7zip\Compress\CodecExports.cpp = CPP\7zip\Compress\CodecExports.cpp
		CPP\7zip\Compress\CopyCoder.cpp = CPP\7zip\Compress\CopyCoder.cpp
		CPP\7zip\Compress\CopyCoder.h = CPP\7zip\Compress\CopyCoder.h
		CPP\7zip\Compress\CopyRegister.cpp = CPP\7zip\Compress\CopyRegister.cpp
		CPP\7zip\Compress\Deflate64Register.cpp = CPP\7zip\Compress\Deflate64Register.cpp
		CPP\7zip\Compress\DeflateConst.h = CPP\7zip\Compress\DeflateConst.h
		CPP\7zip\Compress\DeflateDecoder.cpp = CPP\7zip\Compress\DeflateDecoder.cpp
		CPP\7zip\Compress\DeflateDecoder.h = CPP\7zip\Compress\DeflateDecoder.h
		CPP\7zip\Compress\DeflateEncoder.cpp = CPP\7zip\Compress\DeflateEncoder.cpp
		CPP\7zip\Compress\DeflateEncoder.h = CPP\7zip\Compress\DeflateEncoder.h
		CPP\7zip\Compress\DeflateRegister.cpp = CPP\7zip\Compress\DeflateRegister.cpp
		CPP\7zip\Compress\DeltaFilter.cpp = CPP\7zip\Compress\DeltaFilter.cpp
		CPP\7zip\Compress\DllExports2Compress.cpp = CPP\7zip\Compress\DllExports2Compress.cpp
		CPP\7zip\Compress\DllExportsCompress.cpp = CPP\7zip\Compress\DllExportsCompress.cpp
		CPP\7zip\Compress\HuffmanDecoder.h = CPP\7zip\Compress\HuffmanDecoder.h
		CPP\7zip\Compress\ImplodeDecoder.cpp = CPP\7zip\Compress\ImplodeDecoder.cpp
		CPP\7zip\Compress\ImplodeDecoder.h = CPP\7zip\Compress\ImplodeDecoder.h
		CPP\7zip\Compress\ImplodeHuffmanDecoder.cpp = CPP\7zip\Compress\ImplodeHuffmanDecoder.cpp
		CPP\7zip\Compress\ImplodeHuffmanDecoder.h = CPP\7zip\Compress\ImplodeHuffmanDecoder.h
		CPP\7zip\Compress\LzhDecoder.cpp = CPP\7zip\Compress\LzhDecoder.cpp
		CPP\7zip\Compress\LzhDecoder.h = CPP\7zip\Compress\LzhDecoder.h
		CPP\7zip\Compress\Lzma2Decoder.cpp = CPP\7zip\Compress\Lzma2Decoder.cpp
		CPP\7zip\Compress\Lzma2Decoder.h = CPP\7zip\Compress\Lzma2Decoder.h
		CPP\7zip\Compress\Lzma2Encoder.cpp = CPP\7zip\Compress\Lzma2Encoder.cpp
		CPP\7zip\Compress\Lzma2Encoder.h = CPP\7zip\Compress\Lzma2Encoder.h
		CPP\7zip\Compress\Lzma2Register.cpp = CPP\7zip\Compress\Lzma2Register.cpp
		CPP\7zip\Compress\LzmaDecoder.cpp = CPP\7zip\Compress\LzmaDecoder.cpp
		CPP\7zip\Compress\LzmaDecoder.h = CPP\7zip\Compress\LzmaDecoder.h
		CPP\7zip\Compress\LzmaEncoder.cpp = CPP\7zip\Compress\LzmaEncoder.cpp
		CPP\7zip\Compress\LzmaEncoder.h = CPP\7zip\Compress\LzmaEncoder.h
		CPP\7zip\Compress\LzmaRegister.cpp = CPP\7zip\Compress\LzmaRegister.cpp
		CPP\7zip\Compress\LzmsDecoder.cpp = CPP\7zip\Compress\LzmsDecoder.cpp
		CPP\7zip\Compress\LzmsDecoder.h = CPP\7zip\Compress\LzmsDecoder.h
		CPP\7zip\Compress\LzOutWindow.cpp = CPP\7zip\Compress\LzOutWindow.cpp
		CPP\7zip\Compress\LzOutWindow.h = CPP\7zip\Compress\LzOutWindow.h
		CPP\7zip\Compress\Lzx.h = CPP\7zip\Compress\Lzx.h
		CPP\7zip\Compress\LzxDecoder.cpp = CPP\7zip\Compress\LzxDecoder.cpp
		CPP\7zip\Compress\LzxDecoder.h = CPP\7zip\Compress\LzxDecoder.h
		CPP\7zip\Compress\makefile = CPP\7zip\Compress\makefile
		CPP\7zip\Compress\Mtf8.h = CPP\7zip\Compress\Mtf8.h
		CPP\7zip\Compress\PpmdDecoder.cpp = CPP\7zip\Compress\PpmdDecoder.cpp
		CPP\7zip\Compress\PpmdDecoder.h = CPP\7zip\Compress\PpmdDecoder.h
		CPP\7zip\Compress\PpmdEncoder.cpp = CPP\7zip\Compress\PpmdEncoder.cpp
		CPP\7zip\Compress\PpmdEncoder.h = CPP\7zip\Compress\PpmdEncoder.h
		CPP\7zip\Compress\PpmdRegister.cpp = CPP\7zip\Compress\PpmdRegister.cpp
		CPP\7zip\Compress\PpmdZip.cpp = CPP\7zip\Compress\PpmdZip.cpp
		CPP\7zip\Compress\PpmdZip.h = CPP\7zip\Compress\PpmdZip.h
		CPP\7zip\Compress\QuantumDecoder.cpp = CPP\7zip\Compress\QuantumDecoder.cpp
		CPP\7zip\Compress\QuantumDecoder.h = CPP\7zip\Compress\QuantumDecoder.h
		CPP\7zip\Compress\Rar1Decoder.cpp = CPP\7zip\Compress\Rar1Decoder.cpp
		CPP\7zip\Compress\Rar1Decoder.h = CPP\7zip\Compress\Rar1Decoder.h
		CPP\7zip\Compress\Rar2Decoder.cpp = CPP\7zip\Compress\Rar2Decoder.cpp
		CPP\7zip\Compress\Rar2Decoder.h = CPP\7zip\Compress\Rar2Decoder.h
		CPP\7zip\Compress\Rar3Decoder.cpp = CPP\7zip\Compress\Rar3Decoder.cpp
		CPP\7zip\Compress\Rar3Decoder.h = CPP\7zip\Compress\Rar3Decoder.h
		CPP\7zip\Compress\Rar3Vm.cpp = CPP\7zip\Compress\Rar3Vm.cpp
		CPP\7zip\Compress\Rar3Vm.h = CPP\7zip\Compress\Rar3Vm.h
		CPP\7zip\Compress\Rar5Decoder.cpp = CPP\7zip\Compress\Rar5Decoder.cpp
		CPP\7zip\Compress\Rar5Decoder.h = CPP\7zip\Compress\Rar5Decoder.h
		CPP\7zip\Compress\RarCodecsRegister.cpp = CPP\7zip\Compress\RarCodecsRegister.cpp
		CPP\7zip\Compress\ShrinkDecoder.cpp = CPP\7zip\Compress\ShrinkDecoder.cpp
		CPP\7zip\Compress\ShrinkDecoder.h = CPP\7zip\Compress\ShrinkDecoder.h
		CPP\7zip\Compress\StdAfx.h = CPP\7zip\Compress\StdAfx.h
		CPP\7zip\Compress\XpressDecoder.cpp = CPP\7zip\Compress\XpressDecoder.cpp
		CPP\7zip\Compress\XpressDecoder.h = CPP\7zip\Compress\XpressDecoder.h
		CPP\7zip\Compress\ZDecoder.cpp = CPP\7zip\Compress\ZDecoder.cpp
		CPP\7zip\Compress\ZDecoder.h = CPP\7zip\Compress\ZDecoder.h
		CPP\7zip\Compress\ZlibDecoder.cpp = CPP\7zip\Compress\ZlibDecoder.cpp
		CPP\7zip\Compress\ZlibDecoder.h = CPP\7zip\Compress\ZlibDecoder.h
		CPP\7zip\Compress\ZlibEncoder.cpp = CPP\7zip\Compress\ZlibEncoder.cpp
		CPP\7zip\Compress\ZlibEncoder.h = CPP\7zip\Compress\ZlibEncoder.h
	EndProjectSection
EndProject
Project("{2150E333-8FDC-42A3-9474-1A3956D46DE8}") = "Common", "Common", "{97C3AB7F-5F12-467C-816D-108BC3164A3C}"
	ProjectSection(SolutionItems) = preProject
		CPP\7zip\Common\CreateCoder.cpp = CPP\7zip\Common\CreateCoder.cpp
		CPP\7zip\Common\CreateCoder.h = CPP\7zip\Common\CreateCoder.h
		CPP\7zip\Common\CWrappers.cpp = CPP\7zip\Common\CWrappers.cpp
		CPP\7zip\Common\CWrappers.h = CPP\7zip\Common\CWrappers.h
		CPP\7zip\Common\FilePathAutoRename.cpp = CPP\7zip\Common\FilePathAutoRename.cpp
		CPP\7zip\Common\FilePathAutoRename.h = CPP\7zip\Common\FilePathAutoRename.h
		CPP\7zip\Common\FileStreams.cpp = CPP\7zip\Common\FileStreams.cpp
		CPP\7zip\Common\FileStreams.h = CPP\7zip\Common\FileStreams.h
		CPP\7zip\Common\FilterCoder.cpp = CPP\7zip\Common\FilterCoder.cpp
		CPP\7zip\Common\FilterCoder.h = CPP\7zip\Common\FilterCoder.h
		CPP\7zip\Common\InBuffer.cpp = CPP\7zip\Common\InBuffer.cpp
		CPP\7zip\Common\InBuffer.h = CPP\7zip\Common\InBuffer.h
		CPP\7zip\Common\InOutTempBuffer.cpp = CPP\7zip\Common\InOutTempBuffer.cpp
		CPP\7zip\Common\InOutTempBuffer.h = CPP\7zip\Common\InOutTempBuffer.h
		CPP\7zip\Common\LimitedStreams.cpp = CPP\7zip\Common\LimitedStreams.cpp
		CPP\7zip\Common\LimitedStreams.h = CPP\7zip\Common\LimitedStreams.h
		CPP\7zip\Common\LockedStream.cpp = CPP\7zip\Common\LockedStream.cpp
		CPP\7zip\Common\LockedStream.h = CPP\7zip\Common\LockedStream.h
		CPP\7zip\Common\MemBlocks.cpp = CPP\7zip\Common\MemBlocks.cpp
		CPP\7zip\Common\MemBlocks.h = CPP\7zip\Common\MemBlocks.h
		CPP\7zip\Common\MethodId.cpp = CPP\7zip\Common\MethodId.cpp
		CPP\7zip\Common\MethodId.h = CPP\7zip\Common\MethodId.h
		CPP\7zip\Common\MethodProps.cpp = CPP\7zip\Common\MethodProps.cpp
		CPP\7zip\Common\MethodProps.h = CPP\7zip\Common\MethodProps.h
		CPP\7zip\Common\OffsetStream.cpp = CPP\7zip\Common\OffsetStream.cpp
		CPP\7zip\Common\OffsetStream.h = CPP\7zip\Common\OffsetStream.h
		CPP\7zip\Common\OutBuffer.cpp = CPP\7zip\Common\OutBuffer.cpp
		CPP\7zip\Common\OutBuffer.h = CPP\7zip\Common\OutBuffer.h
		CPP\7zip\Common\OutMemStream.cpp = CPP\7zip\Common\OutMemStream.cpp
		CPP\7zip\Common\OutMemStream.h = CPP\7zip\Common\OutMemStream.h
		CPP\7zip\Common\ProgressMt.cpp = CPP\7zip\Common\ProgressMt.cpp
		CPP\7zip\Common\ProgressMt.h = CPP\7zip\Common\ProgressMt.h
		CPP\7zip\Common\ProgressUtils.cpp = CPP\7zip\Common\ProgressUtils.cpp
		CPP\7zip\Common\ProgressUtils.h = CPP\7zip\Common\ProgressUtils.h
		CPP\7zip\Common\PropId.cpp = CPP\7zip\Common\PropId.cpp
		CPP\7zip\Common\RegisterArc.h = CPP\7zip\Common\RegisterArc.h
		CPP\7zip\Common\RegisterCodec.h = CPP\7zip\Common\RegisterCodec.h
		CPP\7zip\Common\StdAfx.h = CPP\7zip\Common\StdAfx.h
		CPP\7zip\Common\StreamBinder.cpp = CPP\7zip\Common\StreamBinder.cpp
		CPP\7zip\Common\StreamBinder.h = CPP\7zip\Common\StreamBinder.h
		CPP\7zip\Common\StreamObjects.cpp = CPP\7zip\Common\StreamObjects.cpp
		CPP\7zip\Common\StreamObjects.h = CPP\7zip\Common\StreamObjects.h
		CPP\7zip\Common\StreamUtils.cpp = CPP\7zip\Common\StreamUtils.cpp
		CPP\7zip\Common\StreamUtils.h = CPP\7zip\Common\StreamUtils.h
		CPP\7zip\Common\UniqBlocks.cpp = CPP\7zip\Common\UniqBlocks.cpp
		CPP\7zip\Common\UniqBlocks.h = CPP\7zip\Common\UniqBlocks.h
		CPP\7zip\Common\VirtThread.cpp = CPP\7zip\Common\VirtThread.cpp
		CPP\7zip\Common\VirtThread.h = CPP\7zip\Common\VirtThread.h
	EndProjectSection
EndProject
Project("{2150E333-8FDC-42A3-9474-1A3956D46DE8}") = "Bundles", "Bundles", "{5418AABE-E94B-4C48-82A1-D3DB253CE2E6}"
	ProjectSection(SolutionItems) = preProject
		CPP\7zip\Bundles\makefile = CPP\7zip\Bundles\makefile
	EndProjectSection
EndProject
Project("{2150E333-8FDC-42A3-9474-1A3956D46DE8}") = "Archive", "Archive", "{347CAA61-67FC-473A-A6D9-2824B7CF80D1}"
	ProjectSection(SolutionItems) = preProject
		CPP\7zip\Archive\ApmHandler.cpp = CPP\7zip\Archive\ApmHandler.cpp
		CPP\7zip\Archive\Archive.def = CPP\7zip\Archive\Archive.def
		CPP\7zip\Archive\Archive2.def = CPP\7zip\Archive\Archive2.def
		CPP\7zip\Archive\ArchiveExports.cpp = CPP\7zip\Archive\ArchiveExports.cpp
		CPP\7zip\Archive\ArHandler.cpp = CPP\7zip\Archive\ArHandler.cpp
		CPP\7zip\Archive\ArjHandler.cpp = CPP\7zip\Archive\ArjHandler.cpp
		CPP\7zip\Archive\Bz2Handler.cpp = CPP\7zip\Archive\Bz2Handler.cpp
		CPP\7zip\Archive\ComHandler.cpp = CPP\7zip\Archive\ComHandler.cpp
		CPP\7zip\Archive\CpioHandler.cpp = CPP\7zip\Archive\CpioHandler.cpp
		CPP\7zip\Archive\CramfsHandler.cpp = CPP\7zip\Archive\CramfsHandler.cpp
		CPP\7zip\Archive\DeflateProps.cpp = CPP\7zip\Archive\DeflateProps.cpp
		CPP\7zip\Archive\DeflateProps.h = CPP\7zip\Archive\DeflateProps.h
		CPP\7zip\Archive\DllExports.cpp = CPP\7zip\Archive\DllExports.cpp
		CPP\7zip\Archive\DllExports2.cpp = CPP\7zip\Archive\DllExports2.cpp
		CPP\7zip\Archive\DmgHandler.cpp = CPP\7zip\Archive\DmgHandler.cpp
		CPP\7zip\Archive\ElfHandler.cpp = CPP\7zip\Archive\ElfHandler.cpp
		CPP\7zip\Archive\ExtHandler.cpp = CPP\7zip\Archive\ExtHandler.cpp
		CPP\7zip\Archive\FatHandler.cpp = CPP\7zip\Archive\FatHandler.cpp
		CPP\7zip\Archive\FlvHandler.cpp = CPP\7zip\Archive\FlvHandler.cpp
		CPP\7zip\Archive\GptHandler.cpp = CPP\7zip\Archive\GptHandler.cpp
		CPP\7zip\Archive\GzHandler.cpp = CPP\7zip\Archive\GzHandler.cpp
		CPP\7zip\Archive\HandlerCont.cpp = CPP\7zip\Archive\HandlerCont.cpp
		CPP\7zip\Archive\HandlerCont.h = CPP\7zip\Archive\HandlerCont.h
		CPP\7zip\Archive\HfsHandler.cpp = CPP\7zip\Archive\HfsHandler.cpp
		CPP\7zip\Archive\IArchive.h = CPP\7zip\Archive\IArchive.h
		CPP\7zip\Archive\IhexHandler.cpp = CPP\7zip\Archive\IhexHandler.cpp
		CPP\7zip\Archive\LzhHandler.cpp = CPP\7zip\Archive\LzhHandler.cpp
		CPP\7zip\Archive\LzmaHandler.cpp = CPP\7zip\Archive\LzmaHandler.cpp
		CPP\7zip\Archive\MachoHandler.cpp = CPP\7zip\Archive\MachoHandler.cpp
		CPP\7zip\Archive\makefile = CPP\7zip\Archive\makefile
		CPP\7zip\Archive\MbrHandler.cpp = CPP\7zip\Archive\MbrHandler.cpp
		CPP\7zip\Archive\MslzHandler.cpp = CPP\7zip\Archive\MslzHandler.cpp
		CPP\7zip\Archive\MubHandler.cpp = CPP\7zip\Archive\MubHandler.cpp
		CPP\7zip\Archive\NtfsHandler.cpp = CPP\7zip\Archive\NtfsHandler.cpp
		CPP\7zip\Archive\PeHandler.cpp = CPP\7zip\Archive\PeHandler.cpp
		CPP\7zip\Archive\PpmdHandler.cpp = CPP\7zip\Archive\PpmdHandler.cpp
		CPP\7zip\Archive\QcowHandler.cpp = CPP\7zip\Archive\QcowHandler.cpp
		CPP\7zip\Archive\RpmHandler.cpp = CPP\7zip\Archive\RpmHandler.cpp
		CPP\7zip\Archive\SplitHandler.cpp = CPP\7zip\Archive\SplitHandler.cpp
		CPP\7zip\Archive\SquashfsHandler.cpp = CPP\7zip\Archive\SquashfsHandler.cpp
		CPP\7zip\Archive\StdAfx.h = CPP\7zip\Archive\StdAfx.h
		CPP\7zip\Archive\SwfHandler.cpp = CPP\7zip\Archive\SwfHandler.cpp
		CPP\7zip\Archive\UefiHandler.cpp = CPP\7zip\Archive\UefiHandler.cpp
		CPP\7zip\Archive\VdiHandler.cpp = CPP\7zip\Archive\VdiHandler.cpp
		CPP\7zip\Archive\VhdHandler.cpp = CPP\7zip\Archive\VhdHandler.cpp
		CPP\7zip\Archive\VmdkHandler.cpp = CPP\7zip\Archive\VmdkHandler.cpp
		CPP\7zip\Archive\XarHandler.cpp = CPP\7zip\Archive\XarHandler.cpp
		CPP\7zip\Archive\XzHandler.cpp = CPP\7zip\Archive\XzHandler.cpp
		CPP\7zip\Archive\XzHandler.h = CPP\7zip\Archive\XzHandler.h
		CPP\7zip\Archive\ZHandler.cpp = CPP\7zip\Archive\ZHandler.cpp
	EndProjectSection
EndProject
Project("{2150E333-8FDC-42A3-9474-1A3956D46DE8}") = "Agent", "Agent", "{2EBCAF5C-14CF-4B16-905C-DEBF8B157705}"
	ProjectSection(SolutionItems) = preProject
		CPP\7zip\UI\Agent\Agent.cpp = CPP\7zip\UI\Agent\Agent.cpp
		CPP\7zip\UI\Agent\Agent.h = CPP\7zip\UI\Agent\Agent.h
		CPP\7zip\UI\Agent\AgentOut.cpp = CPP\7zip\UI\Agent\AgentOut.cpp
		CPP\7zip\UI\Agent\AgentProxy.cpp = CPP\7zip\UI\Agent\AgentProxy.cpp
		CPP\7zip\UI\Agent\AgentProxy.h = CPP\7zip\UI\Agent\AgentProxy.h
		CPP\7zip\UI\Agent\ArchiveFolder.cpp = CPP\7zip\UI\Agent\ArchiveFolder.cpp
		CPP\7zip\UI\Agent\ArchiveFolderOpen.cpp = CPP\7zip\UI\Agent\ArchiveFolderOpen.cpp
		CPP\7zip\UI\Agent\ArchiveFolderOut.cpp = CPP\7zip\UI\Agent\ArchiveFolderOut.cpp
		CPP\7zip\UI\Agent\IFolderArchive.h = CPP\7zip\UI\Agent\IFolderArchive.h
		CPP\7zip\UI\Agent\StdAfx.h = CPP\7zip\UI\Agent\StdAfx.h
		CPP\7zip\UI\Agent\UpdateCallbackAgent.cpp = CPP\7zip\UI\Agent\UpdateCallbackAgent.cpp
		CPP\7zip\UI\Agent\UpdateCallbackAgent.h = CPP\7zip\UI\Agent\UpdateCallbackAgent.h
	EndProjectSection
EndProject
Project("{2150E333-8FDC-42A3-9474-1A3956D46DE8}") = "Client7z", "Client7z", "{B3D4B884-422B-42E7-987F-A0BF289D46BC}"
EndProject
Project("{2150E333-8FDC-42A3-9474-1A3956D46DE8}") = "Common", "Common", "{AF07818E-47C9-430D-81FE-5A3976482A9C}"
	ProjectSection(SolutionItems) = preProject
		CPP\7zip\UI\Common\ArchiveCommandLine.cpp = CPP\7zip\UI\Common\ArchiveCommandLine.cpp
		CPP\7zip\UI\Common\ArchiveCommandLine.h = CPP\7zip\UI\Common\ArchiveCommandLine.h
		CPP\7zip\UI\Common\ArchiveExtractCallback.cpp = CPP\7zip\UI\Common\ArchiveExtractCallback.cpp
		CPP\7zip\UI\Common\ArchiveExtractCallback.h = CPP\7zip\UI\Common\ArchiveExtractCallback.h
		CPP\7zip\UI\Common\ArchiveName.cpp = CPP\7zip\UI\Common\ArchiveName.cpp
		CPP\7zip\UI\Common\ArchiveName.h = CPP\7zip\UI\Common\ArchiveName.h
		CPP\7zip\UI\Common\ArchiveOpenCallback.cpp = CPP\7zip\UI\Common\ArchiveOpenCallback.cpp
		CPP\7zip\UI\Common\ArchiveOpenCallback.h = CPP\7zip\UI\Common\ArchiveOpenCallback.h
		CPP\7zip\UI\Common\Bench.cpp = CPP\7zip\UI\Common\Bench.cpp
		CPP\7zip\UI\Common\Bench.h = CPP\7zip\UI\Common\Bench.h
		CPP\7zip\UI\Common\CompressCall.cpp = CPP\7zip\UI\Common\CompressCall.cpp
		CPP\7zip\UI\Common\CompressCall.h = CPP\7zip\UI\Common\CompressCall.h
		CPP\7zip\UI\Common\CompressCall2.cpp = CPP\7zip\UI\Common\CompressCall2.cpp
		CPP\7zip\UI\Common\DefaultName.cpp = CPP\7zip\UI\Common\DefaultName.cpp
		CPP\7zip\UI\Common\DefaultName.h = CPP\7zip\UI\Common\DefaultName.h
		CPP\7zip\UI\Common\DirItem.h = CPP\7zip\UI\Common\DirItem.h
		CPP\7zip\UI\Common\EnumDirItems.cpp = CPP\7zip\UI\Common\EnumDirItems.cpp
		CPP\7zip\UI\Common\EnumDirItems.h = CPP\7zip\UI\Common\EnumDirItems.h
		CPP\7zip\UI\Common\ExitCode.h = CPP\7zip\UI\Common\ExitCode.h
		CPP\7zip\UI\Common\Extract.cpp = CPP\7zip\UI\Common\Extract.cpp
		CPP\7zip\UI\Common\Extract.h = CPP\7zip\UI\Common\Extract.h
		CPP\7zip\UI\Common\ExtractingFilePath.cpp = CPP\7zip\UI\Common\ExtractingFilePath.cpp
		CPP\7zip\UI\Common\ExtractingFilePath.h = CPP\7zip\UI\Common\ExtractingFilePath.h
		CPP\7zip\UI\Common\ExtractMode.h = CPP\7zip\UI\Common\ExtractMode.h
		CPP\7zip\UI\Common\HashCalc.cpp = CPP\7zip\UI\Common\HashCalc.cpp
		CPP\7zip\UI\Common\HashCalc.h = CPP\7zip\UI\Common\HashCalc.h
		CPP\7zip\UI\Common\IFileExtractCallback.h = CPP\7zip\UI\Common\IFileExtractCallback.h
		CPP\7zip\UI\Common\LoadCodecs.cpp = CPP\7zip\UI\Common\LoadCodecs.cpp
		CPP\7zip\UI\Common\LoadCodecs.h = CPP\7zip\UI\Common\LoadCodecs.h
		CPP\7zip\UI\Common\OpenArchive.cpp = CPP\7zip\UI\Common\OpenArchive.cpp
		CPP\7zip\UI\Common\OpenArchive.h = CPP\7zip\UI\Common\OpenArchive.h
		CPP\7zip\UI\Common\Property.h = CPP\7zip\UI\Common\Property.h
		CPP\7zip\UI\Common\PropIDUtils.cpp = CPP\7zip\UI\Common\PropIDUtils.cpp
		CPP\7zip\UI\Common\PropIDUtils.h = CPP\7zip\UI\Common\PropIDUtils.h
		CPP\7zip\UI\Common\SetProperties.cpp = CPP\7zip\UI\Common\SetProperties.cpp
		CPP\7zip\UI\Common\SetProperties.h = CPP\7zip\UI\Common\SetProperties.h
		CPP\7zip\UI\Common\SortUtils.cpp = CPP\7zip\UI\Common\SortUtils.cpp
		CPP\7zip\UI\Common\SortUtils.h = CPP\7zip\UI\Common\SortUtils.h
		CPP\7zip\UI\Common\StdAfx.h = CPP\7zip\UI\Common\StdAfx.h
		CPP\7zip\UI\Common\TempFiles.cpp = CPP\7zip\UI\Common\TempFiles.cpp
		CPP\7zip\UI\Common\TempFiles.h = CPP\7zip\UI\Common\TempFiles.h
		CPP\7zip\UI\Common\Update.cpp = CPP\7zip\UI\Common\Update.cpp
		CPP\7zip\UI\Common\Update.h = CPP\7zip\UI\Common\Update.h
		CPP\7zip\UI\Common\UpdateAction.cpp = CPP\7zip\UI\Common\UpdateAction.cpp
		CPP\7zip\UI\Common\UpdateAction.h = CPP\7zip\UI\Common\UpdateAction.h
		CPP\7zip\UI\Common\UpdateCallback.cpp = CPP\7zip\UI\Common\UpdateCallback.cpp
		CPP\7zip\UI\Common\UpdateCallback.h = CPP\7zip\UI\Common\UpdateCallback.h
		CPP\7zip\UI\Common\UpdatePair.cpp = CPP\7zip\UI\Common\UpdatePair.cpp
		CPP\7zip\UI\Common\UpdatePair.h = CPP\7zip\UI\Common\UpdatePair.h
		CPP\7zip\UI\Common\UpdateProduce.cpp = CPP\7zip\UI\Common\UpdateProduce.cpp
		CPP\7zip\UI\Common\UpdateProduce.h = CPP\7zip\UI\Common\UpdateProduce.h
		CPP\7zip\UI\Common\WorkDir.cpp = CPP\7zip\UI\Common\WorkDir.cpp
		CPP\7zip\UI\Common\WorkDir.h = CPP\7zip\UI\Common\WorkDir.h
		CPP\7zip\UI\Common\ZipRegistry.cpp = CPP\7zip\UI\Common\ZipRegistry.cpp
		CPP\7zip\UI\Common\ZipRegistry.h = CPP\7zip\UI\Common\ZipRegistry.h
	EndProjectSection
EndProject
Project("{2150E333-8FDC-42A3-9474-1A3956D46DE8}") = "Console", "Console", "{031F4E3F-BDF3-48EF-935E-AA5D120E6837}"
EndProject
Project("{2150E333-8FDC-42A3-9474-1A3956D46DE8}") = "Explorer", "Explorer", "{611010B7-CFDC-4C67-A7FF-DD215E8E0E54}"
EndProject
Project("{2150E333-8FDC-42A3-9474-1A3956D46DE8}") = "Far", "Far", "{645FB3AD-7FEC-4B65-B57C-0835A8C4097E}"
EndProject
Project("{2150E333-8FDC-42A3-9474-1A3956D46DE8}") = "FileManager", "FileManager", "{34DFC040-B2F7-4362-9AD7-4ED92DCB9E5F}"
EndProject
Project("{2150E333-8FDC-42A3-9474-1A3956D46DE8}") = "GUI", "GUI", "{AD1B6BA9-958F-4C96-9C48-20FC01B71157}"
EndProject
Project("{8BC9CEB8-8B4A-11D0-8D11-00A0C91BC942}") = "GUI", "CPP\7zip\UI\GUI\GUI.vcxproj", "{4E119339-A61C-4057-A5DF-04B4157C61F9}"
EndProject
Project("{8BC9CEB8-8B4A-11D0-8D11-00A0C91BC942}") = "FM", "CPP\7zip\UI\FileManager\FM.vcxproj", "{4ED75C2F-F07D-4086-9C44-AD0AF0D5B727}"
EndProject
Project("{8BC9CEB8-8B4A-11D0-8D11-00A0C91BC942}") = "Far", "CPP\7zip\UI\Far\Far.vcxproj", "{3BABB2DD-FEEA-4807-A901-163163C353D7}"
EndProject
Project("{8BC9CEB8-8B4A-11D0-8D11-00A0C91BC942}") = "Explorer", "CPP\7zip\UI\Explorer\Explorer.vcxproj", "{18CF3CE2-55B9-4A7B-8DBD-B05B5C6A65F2}"
EndProject
Project("{8BC9CEB8-8B4A-11D0-8D11-00A0C91BC942}") = "Console", "CPP\7zip\UI\Console\Console.vcxproj", "{371380CD-10B9-416B-8E00-F8F7D4860797}"
EndProject
Project("{8BC9CEB8-8B4A-11D0-8D11-00A0C91BC942}") = "Client7z", "CPP\7zip\UI\Client7z\Client7z.vcxproj", "{4CA574EC-BCFA-4403-882D-DE665CC3203D}"
EndProject
Project("{2150E333-8FDC-42A3-9474-1A3956D46DE8}") = "SFXWin", "SFXWin", "{04555493-F9D9-4B29-9F97-D5209045415C}"
EndProject
Project("{8BC9CEB8-8B4A-11D0-8D11-00A0C91BC942}") = "SFXWin", "CPP\7zip\Bundles\SFXWin\SFXWin.vcxproj", "{955C7B59-7E1E-4CA2-891D-8BC909115A0B}"
EndProject
Project("{2150E333-8FDC-42A3-9474-1A3956D46DE8}") = "SFXSetup", "SFXSetup", "{98B52FF2-E6C2-4C64-8747-88FD21B0A2CE}"
EndProject
Project("{8BC9CEB8-8B4A-11D0-8D11-00A0C91BC942}") = "SFXSetup", "CPP\7zip\Bundles\SFXSetup\SFXSetup.vcxproj", "{D74EA211-41CE-41D4-A8C4-E06E3E2C2416}"
EndProject
Project("{2150E333-8FDC-42A3-9474-1A3956D46DE8}") = "SFXCon", "SFXCon", "{68F63F8D-823A-49DD-9934-E504BEEDB119}"
EndProject
Project("{8BC9CEB8-8B4A-11D0-8D11-00A0C91BC942}") = "SFXCon", "CPP\7zip\Bundles\SFXCon\SFXCon.vcxproj", "{41BD26B0-D312-4CBF-9BFD-5D26878C99E6}"
EndProject
Project("{2150E333-8FDC-42A3-9474-1A3956D46DE8}") = "LzmaCon", "LzmaCon", "{C3EF8A21-F4EE-424C-9A86-DDC11C1153F9}"
EndProject
Project("{8BC9CEB8-8B4A-11D0-8D11-00A0C91BC942}") = "LzmaCon", "CPP\7zip\Bundles\LzmaCon\LzmaCon.vcxproj", "{67261D05-2260-4435-BE76-CC30D6420579}"
EndProject
Project("{2150E333-8FDC-42A3-9474-1A3956D46DE8}") = "Format7zR", "Format7zR", "{6D8DF7D4-909B-499B-822F-886CF7DA0E25}"
	ProjectSection(SolutionItems) = preProject
		CPP\7zip\Bundles\Format7zR\makefile = CPP\7zip\Bundles\Format7zR\makefile
		CPP\7zip\Bundles\Format7zR\resource.rc = CPP\7zip\Bundles\Format7zR\resource.rc
		CPP\7zip\Bundles\Format7zR\StdAfx.cpp = CPP\7zip\Bundles\Format7zR\StdAfx.cpp
		CPP\7zip\Bundles\Format7zR\StdAfx.h = CPP\7zip\Bundles\Format7zR\StdAfx.h
	EndProjectSection
EndProject
Project("{2150E333-8FDC-42A3-9474-1A3956D46DE8}") = "Format7zF", "Format7zF", "{95DF0BBF-C9EF-4BCF-B5F7-4895694CBEE5}"
EndProject
Project("{2150E333-8FDC-42A3-9474-1A3956D46DE8}") = "Format7zExtractR", "Format7zExtractR", "{0CB0FB7D-45E7-4755-A172-219EAF0BF007}"
	ProjectSection(SolutionItems) = preProject
		CPP\7zip\Bundles\Format7zExtractR\makefile = CPP\7zip\Bundles\Format7zExtractR\makefile
		CPP\7zip\Bundles\Format7zExtractR\resource.rc = CPP\7zip\Bundles\Format7zExtractR\resource.rc
		CPP\7zip\Bundles\Format7zExtractR\StdAfx.cpp = CPP\7zip\Bundles\Format7zExtractR\StdAfx.cpp
		CPP\7zip\Bundles\Format7zExtractR\StdAfx.h = CPP\7zip\Bundles\Format7zExtractR\StdAfx.h
	EndProjectSection
EndProject
Project("{2150E333-8FDC-42A3-9474-1A3956D46DE8}") = "Format7zExtract", "Format7zExtract", "{9D57C063-7AA4-4526-92EC-B8C0812D1EC5}"
	ProjectSection(SolutionItems) = preProject
		CPP\7zip\Bundles\Format7zExtract\makefile = CPP\7zip\Bundles\Format7zExtract\makefile
		CPP\7zip\Bundles\Format7zExtract\resource.rc = CPP\7zip\Bundles\Format7zExtract\resource.rc
		CPP\7zip\Bundles\Format7zExtract\StdAfx.cpp = CPP\7zip\Bundles\Format7zExtract\StdAfx.cpp
		CPP\7zip\Bundles\Format7zExtract\StdAfx.h = CPP\7zip\Bundles\Format7zExtract\StdAfx.h
	EndProjectSection
EndProject
Project("{2150E333-8FDC-42A3-9474-1A3956D46DE8}") = "Format7z", "Format7z", "{B0B696E1-1D8A-43C5-A604-D8F747E5568B}"
	ProjectSection(SolutionItems) = preProject
		CPP\7zip\Bundles\Format7z\makefile = CPP\7zip\Bundles\Format7z\makefile
		CPP\7zip\Bundles\Format7z\resource.rc = CPP\7zip\Bundles\Format7z\resource.rc
		CPP\7zip\Bundles\Format7z\StdAfx.cpp = CPP\7zip\Bundles\Format7z\StdAfx.cpp
		CPP\7zip\Bundles\Format7z\StdAfx.h = CPP\7zip\Bundles\Format7z\StdAfx.h
	EndProjectSection
EndProject
Project("{2150E333-8FDC-42A3-9474-1A3956D46DE8}") = "Fm", "Fm", "{7B9D0BAF-C2B9-480E-B53F-7F61F64449AB}"
EndProject
Project("{8BC9CEB8-8B4A-11D0-8D11-00A0C91BC942}") = "FM", "CPP\7zip\Bundles\Fm\FM.vcxproj", "{261DFDB3-F79B-40DB-B7BD-143C9C9F6475}"
EndProject
Project("{2150E333-8FDC-42A3-9474-1A3956D46DE8}") = "Alone7z", "Alone7z", "{5988ABFA-4BE8-4B18-823B-DD0D6BFB524A}"
EndProject
Project("{8BC9CEB8-8B4A-11D0-8D11-00A0C91BC942}") = "Alone", "CPP\7zip\Bundles\Alone7z\Alone.vcxproj", "{0F0ABA67-3850-4ED0-A34A-2775B531CA5E}"
EndProject
Project("{2150E333-8FDC-42A3-9474-1A3956D46DE8}") = "Alone", "Alone", "{CD56B58E-BE8C-48B7-9142-69DE09BFC808}"
EndProject
Project("{8BC9CEB8-8B4A-11D0-8D11-00A0C91BC942}") = "Alone", "CPP\7zip\Bundles\Alone\Alone.vcxproj", "{DD5A1EF0-70A0-43E3-ABC4-918B91A176ED}"
EndProject
Project("{2150E333-8FDC-42A3-9474-1A3956D46DE8}") = "Zip", "Zip", "{57E4E9F3-0EF0-4041-983B-6D10BE4AE29A}"
	ProjectSection(SolutionItems) = preProject
		CPP\7zip\Archive\Zip\StdAfx.h = CPP\7zip\Archive\Zip\StdAfx.h
		CPP\7zip\Archive\Zip\ZipAddCommon.cpp = CPP\7zip\Archive\Zip\ZipAddCommon.cpp
		CPP\7zip\Archive\Zip\ZipAddCommon.h = CPP\7zip\Archive\Zip\ZipAddCommon.h
		CPP\7zip\Archive\Zip\ZipCompressionMode.h = CPP\7zip\Archive\Zip\ZipCompressionMode.h
		CPP\7zip\Archive\Zip\ZipHandler.cpp = CPP\7zip\Archive\Zip\ZipHandler.cpp
		CPP\7zip\Archive\Zip\ZipHandler.h = CPP\7zip\Archive\Zip\ZipHandler.h
		CPP\7zip\Archive\Zip\ZipHandlerOut.cpp = CPP\7zip\Archive\Zip\ZipHandlerOut.cpp
		CPP\7zip\Archive\Zip\ZipHeader.h = CPP\7zip\Archive\Zip\ZipHeader.h
		CPP\7zip\Archive\Zip\ZipIn.cpp = CPP\7zip\Archive\Zip\ZipIn.cpp
		CPP\7zip\Archive\Zip\ZipIn.h = CPP\7zip\Archive\Zip\ZipIn.h
		CPP\7zip\Archive\Zip\ZipItem.cpp = CPP\7zip\Archive\Zip\ZipItem.cpp
		CPP\7zip\Archive\Zip\ZipItem.h = CPP\7zip\Archive\Zip\ZipItem.h
		CPP\7zip\Archive\Zip\ZipOut.cpp = CPP\7zip\Archive\Zip\ZipOut.cpp
		CPP\7zip\Archive\Zip\ZipOut.h = CPP\7zip\Archive\Zip\ZipOut.h
		CPP\7zip\Archive\Zip\ZipRegister.cpp = CPP\7zip\Archive\Zip\ZipRegister.cpp
		CPP\7zip\Archive\Zip\ZipUpdate.cpp = CPP\7zip\Archive\Zip\ZipUpdate.cpp
		CPP\7zip\Archive\Zip\ZipUpdate.h = CPP\7zip\Archive\Zip\ZipUpdate.h
	EndProjectSection
EndProject
Project("{2150E333-8FDC-42A3-9474-1A3956D46DE8}") = "Wim", "Wim", "{20029D1E-E39E-45D6-ACB6-2BA1AEB76E45}"
	ProjectSection(SolutionItems) = preProject
		CPP\7zip\Archive\Wim\StdAfx.h = CPP\7zip\Archive\Wim\StdAfx.h
		CPP\7zip\Archive\Wim\WimHandler.cpp = CPP\7zip\Archive\Wim\WimHandler.cpp
		CPP\7zip\Archive\Wim\WimHandler.h = CPP\7zip\Archive\Wim\WimHandler.h
		CPP\7zip\Archive\Wim\WimHandlerOut.cpp = CPP\7zip\Archive\Wim\WimHandlerOut.cpp
		CPP\7zip\Archive\Wim\WimIn.cpp = CPP\7zip\Archive\Wim\WimIn.cpp
		CPP\7zip\Archive\Wim\WimIn.h = CPP\7zip\Archive\Wim\WimIn.h
		CPP\7zip\Archive\Wim\WimRegister.cpp = CPP\7zip\Archive\Wim\WimRegister.cpp
	EndProjectSection
EndProject
Project("{2150E333-8FDC-42A3-9474-1A3956D46DE8}") = "Udf", "Udf", "{1A8DD142-B420-4B6D-8E1F-B7487A647026}"
	ProjectSection(SolutionItems) = preProject
		CPP\7zip\Archive\Udf\StdAfx.h = CPP\7zip\Archive\Udf\StdAfx.h
		CPP\7zip\Archive\Udf\UdfHandler.cpp = CPP\7zip\Archive\Udf\UdfHandler.cpp
		CPP\7zip\Archive\Udf\UdfHandler.h = CPP\7zip\Archive\Udf\UdfHandler.h
		CPP\7zip\Archive\Udf\UdfIn.cpp = CPP\7zip\Archive\Udf\UdfIn.cpp
		CPP\7zip\Archive\Udf\UdfIn.h = CPP\7zip\Archive\Udf\UdfIn.h
	EndProjectSection
EndProject
Project("{2150E333-8FDC-42A3-9474-1A3956D46DE8}") = "Tar", "Tar", "{A8272BE9-FEC5-4E2D-A38F-D35FDA06D6F1}"
	ProjectSection(SolutionItems) = preProject
		CPP\7zip\Archive\Tar\StdAfx.h = CPP\7zip\Archive\Tar\StdAfx.h
		CPP\7zip\Archive\Tar\TarHandler.cpp = CPP\7zip\Archive\Tar\TarHandler.cpp
		CPP\7zip\Archive\Tar\TarHandler.h = CPP\7zip\Archive\Tar\TarHandler.h
		CPP\7zip\Archive\Tar\TarHandlerOut.cpp = CPP\7zip\Archive\Tar\TarHandlerOut.cpp
		CPP\7zip\Archive\Tar\TarHeader.cpp = CPP\7zip\Archive\Tar\TarHeader.cpp
		CPP\7zip\Archive\Tar\TarHeader.h = CPP\7zip\Archive\Tar\TarHeader.h
		CPP\7zip\Archive\Tar\TarIn.cpp = CPP\7zip\Archive\Tar\TarIn.cpp
		CPP\7zip\Archive\Tar\TarIn.h = CPP\7zip\Archive\Tar\TarIn.h
		CPP\7zip\Archive\Tar\TarItem.h = CPP\7zip\Archive\Tar\TarItem.h
		CPP\7zip\Archive\Tar\TarOut.cpp = CPP\7zip\Archive\Tar\TarOut.cpp
		CPP\7zip\Archive\Tar\TarOut.h = CPP\7zip\Archive\Tar\TarOut.h
		CPP\7zip\Archive\Tar\TarRegister.cpp = CPP\7zip\Archive\Tar\TarRegister.cpp
		CPP\7zip\Archive\Tar\TarUpdate.cpp = CPP\7zip\Archive\Tar\TarUpdate.cpp
		CPP\7zip\Archive\Tar\TarUpdate.h = CPP\7zip\Archive\Tar\TarUpdate.h
	EndProjectSection
EndProject
Project("{2150E333-8FDC-42A3-9474-1A3956D46DE8}") = "Rar", "Rar", "{FD066D58-5CE0-44F1-A50D-41D2583E99F6}"
	ProjectSection(SolutionItems) = preProject
		CPP\7zip\Archive\Rar\Rar5Handler.cpp = CPP\7zip\Archive\Rar\Rar5Handler.cpp
		CPP\7zip\Archive\Rar\Rar5Handler.h = CPP\7zip\Archive\Rar\Rar5Handler.h
		CPP\7zip\Archive\Rar\RarHandler.cpp = CPP\7zip\Archive\Rar\RarHandler.cpp
		CPP\7zip\Archive\Rar\RarHandler.h = CPP\7zip\Archive\Rar\RarHandler.h
		CPP\7zip\Archive\Rar\RarHeader.h = CPP\7zip\Archive\Rar\RarHeader.h
		CPP\7zip\Archive\Rar\RarItem.h = CPP\7zip\Archive\Rar\RarItem.h
		CPP\7zip\Archive\Rar\RarVol.h = CPP\7zip\Archive\Rar\RarVol.h
		CPP\7zip\Archive\Rar\StdAfx.cpp = CPP\7zip\Archive\Rar\StdAfx.cpp
		CPP\7zip\Archive\Rar\StdAfx.h = CPP\7zip\Archive\Rar\StdAfx.h
	EndProjectSection
EndProject
Project("{2150E333-8FDC-42A3-9474-1A3956D46DE8}") = "Nsis", "Nsis", "{A6CCA676-F1A0-43FC-BDF0-D39A858A095C}"
	ProjectSection(SolutionItems) = preProject
		CPP\7zip\Archive\Nsis\NsisDecode.cpp = CPP\7zip\Archive\Nsis\NsisDecode.cpp
		CPP\7zip\Archive\Nsis\NsisDecode.h = CPP\7zip\Archive\Nsis\NsisDecode.h
		CPP\7zip\Archive\Nsis\NsisHandler.cpp = CPP\7zip\Archive\Nsis\NsisHandler.cpp
		CPP\7zip\Archive\Nsis\NsisHandler.h = CPP\7zip\Archive\Nsis\NsisHandler.h
		CPP\7zip\Archive\Nsis\NsisIn.cpp = CPP\7zip\Archive\Nsis\NsisIn.cpp
		CPP\7zip\Archive\Nsis\NsisIn.h = CPP\7zip\Archive\Nsis\NsisIn.h
		CPP\7zip\Archive\Nsis\NsisRegister.cpp = CPP\7zip\Archive\Nsis\NsisRegister.cpp
		CPP\7zip\Archive\Nsis\StdAfx.h = CPP\7zip\Archive\Nsis\StdAfx.h
	EndProjectSection
EndProject
Project("{2150E333-8FDC-42A3-9474-1A3956D46DE8}") = "Iso", "Iso", "{879A0C7A-929C-4287-9052-2A89A4A9C3F5}"
	ProjectSection(SolutionItems) = preProject
		CPP\7zip\Archive\Iso\IsoHandler.cpp = CPP\7zip\Archive\Iso\IsoHandler.cpp
		CPP\7zip\Archive\Iso\IsoHandler.h = CPP\7zip\Archive\Iso\IsoHandler.h
		CPP\7zip\Archive\Iso\IsoHeader.cpp = CPP\7zip\Archive\Iso\IsoHeader.cpp
		CPP\7zip\Archive\Iso\IsoHeader.h = CPP\7zip\Archive\Iso\IsoHeader.h
		CPP\7zip\Archive\Iso\IsoIn.cpp = CPP\7zip\Archive\Iso\IsoIn.cpp
		CPP\7zip\Archive\Iso\IsoIn.h = CPP\7zip\Archive\Iso\IsoIn.h
		CPP\7zip\Archive\Iso\IsoItem.h = CPP\7zip\Archive\Iso\IsoItem.h
		CPP\7zip\Archive\Iso\IsoRegister.cpp = CPP\7zip\Archive\Iso\IsoRegister.cpp
		CPP\7zip\Archive\Iso\StdAfx.h = CPP\7zip\Archive\Iso\StdAfx.h
	EndProjectSection
EndProject
Project("{2150E333-8FDC-42A3-9474-1A3956D46DE8}") = "Icons", "Icons", "{F26A4FA7-78BF-4CA9-A397-5CE30E366B7F}"
	ProjectSection(SolutionItems) = preProject
		CPP\7zip\Archive\Icons\7z.ico = CPP\7zip\Archive\Icons\7z.ico
		CPP\7zip\Archive\Icons\arj.ico = CPP\7zip\Archive\Icons\arj.ico
		CPP\7zip\Archive\Icons\bz2.ico = CPP\7zip\Archive\Icons\bz2.ico
		CPP\7zip\Archive\Icons\cab.ico = CPP\7zip\Archive\Icons\cab.ico
		CPP\7zip\Archive\Icons\cpio.ico = CPP\7zip\Archive\Icons\cpio.ico
		CPP\7zip\Archive\Icons\deb.ico = CPP\7zip\Archive\Icons\deb.ico
		CPP\7zip\Archive\Icons\dmg.ico = CPP\7zip\Archive\Icons\dmg.ico
		CPP\7zip\Archive\Icons\fat.ico = CPP\7zip\Archive\Icons\fat.ico
		CPP\7zip\Archive\Icons\gz.ico = CPP\7zip\Archive\Icons\gz.ico
		CPP\7zip\Archive\Icons\hfs.ico = CPP\7zip\Archive\Icons\hfs.ico
		CPP\7zip\Archive\Icons\iso.ico = CPP\7zip\Archive\Icons\iso.ico
		CPP\7zip\Archive\Icons\lzh.ico = CPP\7zip\Archive\Icons\lzh.ico
		CPP\7zip\Archive\Icons\lzma.ico = CPP\7zip\Archive\Icons\lzma.ico
		CPP\7zip\Archive\Icons\ntfs.ico = CPP\7zip\Archive\Icons\ntfs.ico
		CPP\7zip\Archive\Icons\rar.ico = CPP\7zip\Archive\Icons\rar.ico
		CPP\7zip\Archive\Icons\rpm.ico = CPP\7zip\Archive\Icons\rpm.ico
		CPP\7zip\Archive\Icons\split.ico = CPP\7zip\Archive\Icons\split.ico
		CPP\7zip\Archive\Icons\squashfs.ico = CPP\7zip\Archive\Icons\squashfs.ico
		CPP\7zip\Archive\Icons\tar.ico = CPP\7zip\Archive\Icons\tar.ico
		CPP\7zip\Archive\Icons\vhd.ico = CPP\7zip\Archive\Icons\vhd.ico
		CPP\7zip\Archive\Icons\wim.ico = CPP\7zip\Archive\Icons\wim.ico
		CPP\7zip\Archive\Icons\xar.ico = CPP\7zip\Archive\Icons\xar.ico
		CPP\7zip\Archive\Icons\xz.ico = CPP\7zip\Archive\Icons\xz.ico
		CPP\7zip\Archive\Icons\z.ico = CPP\7zip\Archive\Icons\z.ico
		CPP\7zip\Archive\Icons\zip.ico = CPP\7zip\Archive\Icons\zip.ico
	EndProjectSection
EndProject
Project("{2150E333-8FDC-42A3-9474-1A3956D46DE8}") = "Common", "Common", "{930A179F-2705-48ED-81C2-6400FF9A5010}"
	ProjectSection(SolutionItems) = preProject
		CPP\7zip\Archive\Common\CoderMixer2.cpp = CPP\7zip\Archive\Common\CoderMixer2.cpp
		CPP\7zip\Archive\Common\CoderMixer2.h = CPP\7zip\Archive\Common\CoderMixer2.h
		CPP\7zip\Archive\Common\DummyOutStream.cpp = CPP\7zip\Archive\Common\DummyOutStream.cpp
		CPP\7zip\Archive\Common\DummyOutStream.h = CPP\7zip\Archive\Common\DummyOutStream.h
		CPP\7zip\Archive\Common\FindSignature.cpp = CPP\7zip\Archive\Common\FindSignature.cpp
		CPP\7zip\Archive\Common\FindSignature.h = CPP\7zip\Archive\Common\FindSignature.h
		CPP\7zip\Archive\Common\HandlerOut.cpp = CPP\7zip\Archive\Common\HandlerOut.cpp
		CPP\7zip\Archive\Common\HandlerOut.h = CPP\7zip\Archive\Common\HandlerOut.h
		CPP\7zip\Archive\Common\InStreamWithCRC.cpp = CPP\7zip\Archive\Common\InStreamWithCRC.cpp
		CPP\7zip\Archive\Common\InStreamWithCRC.h = CPP\7zip\Archive\Common\InStreamWithCRC.h
		CPP\7zip\Archive\Common\ItemNameUtils.cpp = CPP\7zip\Archive\Common\ItemNameUtils.cpp
		CPP\7zip\Archive\Common\ItemNameUtils.h = CPP\7zip\Archive\Common\ItemNameUtils.h
		CPP\7zip\Archive\Common\MultiStream.cpp = CPP\7zip\Archive\Common\MultiStream.cpp
		CPP\7zip\Archive\Common\MultiStream.h = CPP\7zip\Archive\Common\MultiStream.h
		CPP\7zip\Archive\Common\OutStreamWithCRC.cpp = CPP\7zip\Archive\Common\OutStreamWithCRC.cpp
		CPP\7zip\Archive\Common\OutStreamWithCRC.h = CPP\7zip\Archive\Common\OutStreamWithCRC.h
		CPP\7zip\Archive\Common\OutStreamWithSha1.cpp = CPP\7zip\Archive\Common\OutStreamWithSha1.cpp
		CPP\7zip\Archive\Common\OutStreamWithSha1.h = CPP\7zip\Archive\Common\OutStreamWithSha1.h
		CPP\7zip\Archive\Common\ParseProperties.cpp = CPP\7zip\Archive\Common\ParseProperties.cpp
		CPP\7zip\Archive\Common\ParseProperties.h = CPP\7zip\Archive\Common\ParseProperties.h
		CPP\7zip\Archive\Common\StdAfx.h = CPP\7zip\Archive\Common\StdAfx.h
	EndProjectSection
EndProject
Project("{2150E333-8FDC-42A3-9474-1A3956D46DE8}") = "Chm", "Chm", "{08B1B073-3C03-4D3E-B706-EA34DCB875E3}"
	ProjectSection(SolutionItems) = preProject
		CPP\7zip\Archive\Chm\ChmHandler.cpp = CPP\7zip\Archive\Chm\ChmHandler.cpp
		CPP\7zip\Archive\Chm\ChmHandler.h = CPP\7zip\Archive\Chm\ChmHandler.h
		CPP\7zip\Archive\Chm\ChmIn.cpp = CPP\7zip\Archive\Chm\ChmIn.cpp
		CPP\7zip\Archive\Chm\ChmIn.h = CPP\7zip\Archive\Chm\ChmIn.h
		CPP\7zip\Archive\Chm\StdAfx.h = CPP\7zip\Archive\Chm\StdAfx.h
	EndProjectSection
EndProject
Project("{2150E333-8FDC-42A3-9474-1A3956D46DE8}") = "Cab", "Cab", "{192BDE55-7ACA-41F7-9B47-F078BAC3CF2C}"
	ProjectSection(SolutionItems) = preProject
		CPP\7zip\Archive\Cab\CabBlockInStream.cpp = CPP\7zip\Archive\Cab\CabBlockInStream.cpp
		CPP\7zip\Archive\Cab\CabBlockInStream.h = CPP\7zip\Archive\Cab\CabBlockInStream.h
		CPP\7zip\Archive\Cab\CabHandler.cpp = CPP\7zip\Archive\Cab\CabHandler.cpp
		CPP\7zip\Archive\Cab\CabHandler.h = CPP\7zip\Archive\Cab\CabHandler.h
		CPP\7zip\Archive\Cab\CabHeader.cpp = CPP\7zip\Archive\Cab\CabHeader.cpp
		CPP\7zip\Archive\Cab\CabHeader.h = CPP\7zip\Archive\Cab\CabHeader.h
		CPP\7zip\Archive\Cab\CabIn.cpp = CPP\7zip\Archive\Cab\CabIn.cpp
		CPP\7zip\Archive\Cab\CabIn.h = CPP\7zip\Archive\Cab\CabIn.h
		CPP\7zip\Archive\Cab\CabItem.h = CPP\7zip\Archive\Cab\CabItem.h
		CPP\7zip\Archive\Cab\CabRegister.cpp = CPP\7zip\Archive\Cab\CabRegister.cpp
		CPP\7zip\Archive\Cab\StdAfx.h = CPP\7zip\Archive\Cab\StdAfx.h
	EndProjectSection
EndProject
Project("{2150E333-8FDC-42A3-9474-1A3956D46DE8}") = "7z", "7z", "{1935383B-2C9C-4967-A6E0-BF3298189BEB}"
EndProject
Project("{8BC9CEB8-8B4A-11D0-8D11-00A0C91BC942}") = "7z", "CPP\7zip\Archive\7z\7z.vcxproj", "{42E18122-FC10-4F12-A51C-49A70E49FA03}"
EndProject
Project("{2150E333-8FDC-42A3-9474-1A3956D46DE8}") = "C", "C", "{107BFD4F-8C95-44A3-A82C-654632A5626E}"
	ProjectSection(SolutionItems) = preProject
		C\7z.h = C\7z.h
		C\7zAlloc.c = C\7zAlloc.c
		C\7zAlloc.h = C\7zAlloc.h
		C\7zArcIn.c = C\7zArcIn.c
		C\7zBuf.c = C\7zBuf.c
		C\7zBuf.h = C\7zBuf.h
		C\7zBuf2.c = C\7zBuf2.c
		C\7zCrc.c = C\7zCrc.c
		C\7zCrc.h = C\7zCrc.h
		C\7zCrcOpt.c = C\7zCrcOpt.c
		C\7zDec.c = C\7zDec.c
		C\7zFile.c = C\7zFile.c
		C\7zFile.h = C\7zFile.h
		C\7zStream.c = C\7zStream.c
		C\7zTypes.h = C\7zTypes.h
		C\7zVersion.h = C\7zVersion.h
		C\7zVersion.rc = C\7zVersion.rc
		C\Aes.c = C\Aes.c
		C\Aes.h = C\Aes.h
		C\AesOpt.c = C\AesOpt.c
		C\Alloc.c = C\Alloc.c
		C\Alloc.h = C\Alloc.h
		C\Bcj2.c = C\Bcj2.c
		C\Bcj2.h = C\Bcj2.h
		C\Bcj2Enc.c = C\Bcj2Enc.c
		C\Blake2.h = C\Blake2.h
		C\Blake2s.c = C\Blake2s.c
		C\Bra.c = C\Bra.c
		C\Bra.h = C\Bra.h
		C\Bra86.c = C\Bra86.c
		C\BraIA64.c = C\BraIA64.c
		C\BwtSort.c = C\BwtSort.c
		C\BwtSort.h = C\BwtSort.h
		C\Compiler.h = C\Compiler.h
		C\CpuArch.c = C\CpuArch.c
		C\CpuArch.h = C\CpuArch.h
		C\Delta.c = C\Delta.c
		C\Delta.h = C\Delta.h
		C\DllSecur.c = C\DllSecur.c
		C\DllSecur.h = C\DllSecur.h
		C\HuffEnc.c = C\HuffEnc.c
		C\HuffEnc.h = C\HuffEnc.h
		C\LzFind.c = C\LzFind.c
		C\LzFind.h = C\LzFind.h
		C\LzFindMt.c = C\LzFindMt.c
		C\LzFindMt.h = C\LzFindMt.h
		C\LzHash.h = C\LzHash.h
		C\Lzma2Dec.c = C\Lzma2Dec.c
		C\Lzma2Dec.h = C\Lzma2Dec.h
		C\Lzma2Enc.c = C\Lzma2Enc.c
		C\Lzma2Enc.h = C\Lzma2Enc.h
		C\Lzma86.h = C\Lzma86.h
		C\Lzma86Dec.c = C\Lzma86Dec.c
		C\Lzma86Enc.c = C\Lzma86Enc.c
		C\LzmaDec.c = C\LzmaDec.c
		C\LzmaDec.h = C\LzmaDec.h
		C\LzmaEnc.c = C\LzmaEnc.c
		C\LzmaEnc.h = C\LzmaEnc.h
		C\LzmaLib.c = C\LzmaLib.c
		C\LzmaLib.h = C\LzmaLib.h
		C\MtCoder.c = C\MtCoder.c
		C\MtCoder.h = C\MtCoder.h
		C\Ppmd.h = C\Ppmd.h
		C\Ppmd7.c = C\Ppmd7.c
		C\Ppmd7.h = C\Ppmd7.h
		C\Ppmd7Dec.c = C\Ppmd7Dec.c
		C\Ppmd7Enc.c = C\Ppmd7Enc.c
		C\Ppmd8.c = C\Ppmd8.c
		C\Ppmd8.h = C\Ppmd8.h
		C\Ppmd8Dec.c = C\Ppmd8Dec.c
		C\Ppmd8Enc.c = C\Ppmd8Enc.c
		C\Precomp.h = C\Precomp.h
		C\RotateDefs.h = C\RotateDefs.h
		C\Sha1.c = C\Sha1.c
		C\Sha1.h = C\Sha1.h
		C\Sha256.c = C\Sha256.c
		C\Sha256.h = C\Sha256.h
		C\Sort.c = C\Sort.c
		C\Sort.h = C\Sort.h
		C\Threads.c = C\Threads.c
		C\Threads.h = C\Threads.h
		C\Xz.c = C\Xz.c
		C\Xz.h = C\Xz.h
		C\XzCrc64.c = C\XzCrc64.c
		C\XzCrc64.h = C\XzCrc64.h
		C\XzCrc64Opt.c = C\XzCrc64Opt.c
		C\XzDec.c = C\XzDec.c
		C\XzEnc.c = C\XzEnc.c
		C\XzEnc.h = C\XzEnc.h
		C\XzIn.c = C\XzIn.c
	EndProjectSection
EndProject
Project("{2150E333-8FDC-42A3-9474-1A3956D46DE8}") = "Util", "Util", "{21EA0230-35AB-41C6-B9A6-A4E359B5ECFE}"
EndProject
Project("{2150E333-8FDC-42A3-9474-1A3956D46DE8}") = "7z", "7z", "{E528C4ED-88CF-4716-BCD2-317946C256B8}"
EndProject
Project("{2150E333-8FDC-42A3-9474-1A3956D46DE8}") = "7zipInstall", "7zipInstall", "{C464EBB6-667E-434D-84C5-B753474207A5}"
EndProject
Project("{2150E333-8FDC-42A3-9474-1A3956D46DE8}") = "7zipUninstall", "7zipUninstall", "{0DD1B7A5-9744-448B-9B16-FF6FE8CAFFE9}"
EndProject
Project("{2150E333-8FDC-42A3-9474-1A3956D46DE8}") = "Lzma", "Lzma", "{7C8C2B2F-D226-4B57-87C0-0CDF5119E681}"
EndProject
Project("{2150E333-8FDC-42A3-9474-1A3956D46DE8}") = "LzmaLib", "LzmaLib", "{FD6B51CF-37CB-4C8E-87C0-94AB3B029C40}"
EndProject
Project("{2150E333-8FDC-42A3-9474-1A3956D46DE8}") = "SfxSetup", "SfxSetup", "{067FCE91-1E40-4D93-A8B7-6B3857346BAA}"
EndProject
Project("{8BC9CEB8-8B4A-11D0-8D11-00A0C91BC942}") = "7z", "C\Util\7z\7z.vcxproj", "{44DB695C-C248-40C9-8CEB-0EE9E3B8685B}"
EndProject
Project("{8BC9CEB8-8B4A-11D0-8D11-00A0C91BC942}") = "7zipInstall", "C\Util\7zipInstall\7zipInstall.vcxproj", "{39B3B109-0056-4E0C-912F-44192FFE32BB}"
EndProject
Project("{8BC9CEB8-8B4A-11D0-8D11-00A0C91BC942}") = "7zipUninstall", "C\Util\7zipUninstall\7zipUninstall.vcxproj", "{0ADF5939-364C-455B-90AD-76B9E441CD8D}"
EndProject
Project("{8BC9CEB8-8B4A-11D0-8D11-00A0C91BC942}") = "LzmaUtil", "C\Util\Lzma\LzmaUtil.vcxproj", "{42DA3DBA-ED48-4D37-9764-FE084BB1F00C}"
EndProject
Project("{8BC9CEB8-8B4A-11D0-8D11-00A0C91BC942}") = "LzmaLib", "C\Util\LzmaLib\LzmaLib.vcxproj", "{94A0D817-BDC4-4D36-9CB0-EA8106781E02}"
EndProject
Project("{8BC9CEB8-8B4A-11D0-8D11-00A0C91BC942}") = "SfxSetup", "C\Util\SfxSetup\SfxSetup.vcxproj", "{E731D28F-E137-4877-8E89-12214ACCAB17}"
EndProject
Project("{2150E333-8FDC-42A3-9474-1A3956D46DE8}") = "Asm", "Asm", "{5A56B3D2-068B-4193-AACB-17BE3BC6580B}"
EndProject
Project("{2150E333-8FDC-42A3-9474-1A3956D46DE8}") = "arm", "arm", "{779FCC7C-F142-40E4-98E0-7B49796AF2AE}"
	ProjectSection(SolutionItems) = preProject
		Asm\arm\7zCrcOpt.asm = Asm\arm\7zCrcOpt.asm
	EndProjectSection
EndProject
Project("{2150E333-8FDC-42A3-9474-1A3956D46DE8}") = "x86", "x86", "{F9B7C251-B86B-4010-907F-70AE076A11CC}"
	ProjectSection(SolutionItems) = preProject
		Asm\x86\7zAsm.asm = Asm\x86\7zAsm.asm
		Asm\x86\7zCrcOpt.asm = Asm\x86\7zCrcOpt.asm
		Asm\x86\AesOpt.asm = Asm\x86\AesOpt.asm
		Asm\x86\XzCrc64Opt.asm = Asm\x86\XzCrc64Opt.asm
	EndProjectSection
EndProject
Global
	GlobalSection(SolutionConfigurationPlatforms) = preSolution
		Debug|x86 = Debug|x86
		DebugU|x86 = DebugU|x86
		Release|x86 = Release|x86
		ReleaseD|x86 = ReleaseD|x86
		ReleaseU|x86 = ReleaseU|x86
	EndGlobalSection
	GlobalSection(ProjectConfigurationPlatforms) = postSolution
		{8D4E775F-1FF8-4648-BAC2-C07EBFCDA91D}.Debug|x86.ActiveCfg = Debug|Win32
		{8D4E775F-1FF8-4648-BAC2-C07EBFCDA91D}.Debug|x86.Build.0 = Debug|Win32
		{8D4E775F-1FF8-4648-BAC2-C07EBFCDA91D}.DebugU|x86.ActiveCfg = Debug|Win32
		{8D4E775F-1FF8-4648-BAC2-C07EBFCDA91D}.DebugU|x86.Build.0 = Debug|Win32
		{8D4E775F-1FF8-4648-BAC2-C07EBFCDA91D}.Release|x86.ActiveCfg = Release|Win32
		{8D4E775F-1FF8-4648-BAC2-C07EBFCDA91D}.Release|x86.Build.0 = Release|Win32
		{8D4E775F-1FF8-4648-BAC2-C07EBFCDA91D}.ReleaseD|x86.ActiveCfg = Release|Win32
		{8D4E775F-1FF8-4648-BAC2-C07EBFCDA91D}.ReleaseD|x86.Build.0 = Release|Win32
		{8D4E775F-1FF8-4648-BAC2-C07EBFCDA91D}.ReleaseU|x86.ActiveCfg = Release|Win32
		{8D4E775F-1FF8-4648-BAC2-C07EBFCDA91D}.ReleaseU|x86.Build.0 = Release|Win32
		{4E119339-A61C-4057-A5DF-04B4157C61F9}.Debug|x86.ActiveCfg = Debug|Win32
		{4E119339-A61C-4057-A5DF-04B4157C61F9}.Debug|x86.Build.0 = Debug|Win32
		{4E119339-A61C-4057-A5DF-04B4157C61F9}.DebugU|x86.ActiveCfg = DebugU|Win32
		{4E119339-A61C-4057-A5DF-04B4157C61F9}.DebugU|x86.Build.0 = DebugU|Win32
		{4E119339-A61C-4057-A5DF-04B4157C61F9}.Release|x86.ActiveCfg = Release|Win32
		{4E119339-A61C-4057-A5DF-04B4157C61F9}.Release|x86.Build.0 = Release|Win32
		{4E119339-A61C-4057-A5DF-04B4157C61F9}.ReleaseD|x86.ActiveCfg = Release|Win32
		{4E119339-A61C-4057-A5DF-04B4157C61F9}.ReleaseD|x86.Build.0 = Release|Win32
		{4E119339-A61C-4057-A5DF-04B4157C61F9}.ReleaseU|x86.ActiveCfg = ReleaseU|Win32
		{4E119339-A61C-4057-A5DF-04B4157C61F9}.ReleaseU|x86.Build.0 = ReleaseU|Win32
		{4ED75C2F-F07D-4086-9C44-AD0AF0D5B727}.Debug|x86.ActiveCfg = Debug|Win32
		{4ED75C2F-F07D-4086-9C44-AD0AF0D5B727}.Debug|x86.Build.0 = Debug|Win32
		{4ED75C2F-F07D-4086-9C44-AD0AF0D5B727}.DebugU|x86.ActiveCfg = DebugU|Win32
		{4ED75C2F-F07D-4086-9C44-AD0AF0D5B727}.DebugU|x86.Build.0 = DebugU|Win32
		{4ED75C2F-F07D-4086-9C44-AD0AF0D5B727}.Release|x86.ActiveCfg = Release|Win32
		{4ED75C2F-F07D-4086-9C44-AD0AF0D5B727}.Release|x86.Build.0 = Release|Win32
		{4ED75C2F-F07D-4086-9C44-AD0AF0D5B727}.ReleaseD|x86.ActiveCfg = Release|Win32
		{4ED75C2F-F07D-4086-9C44-AD0AF0D5B727}.ReleaseD|x86.Build.0 = Release|Win32
		{4ED75C2F-F07D-4086-9C44-AD0AF0D5B727}.ReleaseU|x86.ActiveCfg = ReleaseU|Win32
		{4ED75C2F-F07D-4086-9C44-AD0AF0D5B727}.ReleaseU|x86.Build.0 = ReleaseU|Win32
		{3BABB2DD-FEEA-4807-A901-163163C353D7}.Debug|x86.ActiveCfg = Debug|Win32
		{3BABB2DD-FEEA-4807-A901-163163C353D7}.Debug|x86.Build.0 = Debug|Win32
		{3BABB2DD-FEEA-4807-A901-163163C353D7}.DebugU|x86.ActiveCfg = Debug|Win32
		{3BABB2DD-FEEA-4807-A901-163163C353D7}.DebugU|x86.Build.0 = Debug|Win32
		{3BABB2DD-FEEA-4807-A901-163163C353D7}.Release|x86.ActiveCfg = Release|Win32
		{3BABB2DD-FEEA-4807-A901-163163C353D7}.Release|x86.Build.0 = Release|Win32
		{3BABB2DD-FEEA-4807-A901-163163C353D7}.ReleaseD|x86.ActiveCfg = Release|Win32
		{3BABB2DD-FEEA-4807-A901-163163C353D7}.ReleaseD|x86.Build.0 = Release|Win32
		{3BABB2DD-FEEA-4807-A901-163163C353D7}.ReleaseU|x86.ActiveCfg = Release|Win32
		{3BABB2DD-FEEA-4807-A901-163163C353D7}.ReleaseU|x86.Build.0 = Release|Win32
		{18CF3CE2-55B9-4A7B-8DBD-B05B5C6A65F2}.Debug|x86.ActiveCfg = Debug|Win32
		{18CF3CE2-55B9-4A7B-8DBD-B05B5C6A65F2}.Debug|x86.Build.0 = Debug|Win32
		{18CF3CE2-55B9-4A7B-8DBD-B05B5C6A65F2}.DebugU|x86.ActiveCfg = DebugU|Win32
		{18CF3CE2-55B9-4A7B-8DBD-B05B5C6A65F2}.DebugU|x86.Build.0 = DebugU|Win32
		{18CF3CE2-55B9-4A7B-8DBD-B05B5C6A65F2}.Release|x86.ActiveCfg = Release|Win32
		{18CF3CE2-55B9-4A7B-8DBD-B05B5C6A65F2}.Release|x86.Build.0 = Release|Win32
		{18CF3CE2-55B9-4A7B-8DBD-B05B5C6A65F2}.ReleaseD|x86.ActiveCfg = Release|Win32
		{18CF3CE2-55B9-4A7B-8DBD-B05B5C6A65F2}.ReleaseD|x86.Build.0 = Release|Win32
		{18CF3CE2-55B9-4A7B-8DBD-B05B5C6A65F2}.ReleaseU|x86.ActiveCfg = ReleaseU|Win32
		{18CF3CE2-55B9-4A7B-8DBD-B05B5C6A65F2}.ReleaseU|x86.Build.0 = ReleaseU|Win32
		{371380CD-10B9-416B-8E00-F8F7D4860797}.Debug|x86.ActiveCfg = Debug|Win32
		{371380CD-10B9-416B-8E00-F8F7D4860797}.Debug|x86.Build.0 = Debug|Win32
		{371380CD-10B9-416B-8E00-F8F7D4860797}.DebugU|x86.ActiveCfg = DebugU|Win32
		{371380CD-10B9-416B-8E00-F8F7D4860797}.DebugU|x86.Build.0 = DebugU|Win32
		{371380CD-10B9-416B-8E00-F8F7D4860797}.Release|x86.ActiveCfg = Release|Win32
		{371380CD-10B9-416B-8E00-F8F7D4860797}.Release|x86.Build.0 = Release|Win32
		{371380CD-10B9-416B-8E00-F8F7D4860797}.ReleaseD|x86.ActiveCfg = Release|Win32
		{371380CD-10B9-416B-8E00-F8F7D4860797}.ReleaseD|x86.Build.0 = Release|Win32
		{371380CD-10B9-416B-8E00-F8F7D4860797}.ReleaseU|x86.ActiveCfg = ReleaseU|Win32
		{371380CD-10B9-416B-8E00-F8F7D4860797}.ReleaseU|x86.Build.0 = ReleaseU|Win32
		{4CA574EC-BCFA-4403-882D-DE665CC3203D}.Debug|x86.ActiveCfg = Debug|Win32
		{4CA574EC-BCFA-4403-882D-DE665CC3203D}.Debug|x86.Build.0 = Debug|Win32
		{4CA574EC-BCFA-4403-882D-DE665CC3203D}.DebugU|x86.ActiveCfg = Debug|Win32
		{4CA574EC-BCFA-4403-882D-DE665CC3203D}.DebugU|x86.Build.0 = Debug|Win32
		{4CA574EC-BCFA-4403-882D-DE665CC3203D}.Release|x86.ActiveCfg = Release|Win32
		{4CA574EC-BCFA-4403-882D-DE665CC3203D}.Release|x86.Build.0 = Release|Win32
		{4CA574EC-BCFA-4403-882D-DE665CC3203D}.ReleaseD|x86.ActiveCfg = Release|Win32
		{4CA574EC-BCFA-4403-882D-DE665CC3203D}.ReleaseD|x86.Build.0 = Release|Win32
		{4CA574EC-BCFA-4403-882D-DE665CC3203D}.ReleaseU|x86.ActiveCfg = Release|Win32
		{4CA574EC-BCFA-4403-882D-DE665CC3203D}.ReleaseU|x86.Build.0 = Release|Win32
		{955C7B59-7E1E-4CA2-891D-8BC909115A0B}.Debug|x86.ActiveCfg = Debug|Win32
		{955C7B59-7E1E-4CA2-891D-8BC909115A0B}.Debug|x86.Build.0 = Debug|Win32
		{955C7B59-7E1E-4CA2-891D-8BC909115A0B}.DebugU|x86.ActiveCfg = Debug|Win32
		{955C7B59-7E1E-4CA2-891D-8BC909115A0B}.DebugU|x86.Build.0 = Debug|Win32
		{955C7B59-7E1E-4CA2-891D-8BC909115A0B}.Release|x86.ActiveCfg = Release|Win32
		{955C7B59-7E1E-4CA2-891D-8BC909115A0B}.Release|x86.Build.0 = Release|Win32
		{955C7B59-7E1E-4CA2-891D-8BC909115A0B}.ReleaseD|x86.ActiveCfg = ReleaseD|Win32
		{955C7B59-7E1E-4CA2-891D-8BC909115A0B}.ReleaseD|x86.Build.0 = ReleaseD|Win32
		{955C7B59-7E1E-4CA2-891D-8BC909115A0B}.ReleaseU|x86.ActiveCfg = Release|Win32
		{955C7B59-7E1E-4CA2-891D-8BC909115A0B}.ReleaseU|x86.Build.0 = Release|Win32
		{D74EA211-41CE-41D4-A8C4-E06E3E2C2416}.Debug|x86.ActiveCfg = Debug|Win32
		{D74EA211-41CE-41D4-A8C4-E06E3E2C2416}.Debug|x86.Build.0 = Debug|Win32
		{D74EA211-41CE-41D4-A8C4-E06E3E2C2416}.DebugU|x86.ActiveCfg = Debug|Win32
		{D74EA211-41CE-41D4-A8C4-E06E3E2C2416}.DebugU|x86.Build.0 = Debug|Win32
		{D74EA211-41CE-41D4-A8C4-E06E3E2C2416}.Release|x86.ActiveCfg = Release|Win32
		{D74EA211-41CE-41D4-A8C4-E06E3E2C2416}.Release|x86.Build.0 = Release|Win32
		{D74EA211-41CE-41D4-A8C4-E06E3E2C2416}.ReleaseD|x86.ActiveCfg = ReleaseD|Win32
		{D74EA211-41CE-41D4-A8C4-E06E3E2C2416}.ReleaseD|x86.Build.0 = ReleaseD|Win32
		{D74EA211-41CE-41D4-A8C4-E06E3E2C2416}.ReleaseU|x86.ActiveCfg = Release|Win32
		{D74EA211-41CE-41D4-A8C4-E06E3E2C2416}.ReleaseU|x86.Build.0 = Release|Win32
		{41BD26B0-D312-4CBF-9BFD-5D26878C99E6}.Debug|x86.ActiveCfg = Debug|Win32
		{41BD26B0-D312-4CBF-9BFD-5D26878C99E6}.Debug|x86.Build.0 = Debug|Win32
		{41BD26B0-D312-4CBF-9BFD-5D26878C99E6}.DebugU|x86.ActiveCfg = Debug|Win32
		{41BD26B0-D312-4CBF-9BFD-5D26878C99E6}.DebugU|x86.Build.0 = Debug|Win32
		{41BD26B0-D312-4CBF-9BFD-5D26878C99E6}.Release|x86.ActiveCfg = Release|Win32
		{41BD26B0-D312-4CBF-9BFD-5D26878C99E6}.Release|x86.Build.0 = Release|Win32
		{41BD26B0-D312-4CBF-9BFD-5D26878C99E6}.ReleaseD|x86.ActiveCfg = Release|Win32
		{41BD26B0-D312-4CBF-9BFD-5D26878C99E6}.ReleaseD|x86.Build.0 = Release|Win32
		{41BD26B0-D312-4CBF-9BFD-5D26878C99E6}.ReleaseU|x86.ActiveCfg = Release|Win32
		{41BD26B0-D312-4CBF-9BFD-5D26878C99E6}.ReleaseU|x86.Build.0 = Release|Win32
		{67261D05-2260-4435-BE76-CC30D6420579}.Debug|x86.ActiveCfg = Debug|Win32
		{67261D05-2260-4435-BE76-CC30D6420579}.Debug|x86.Build.0 = Debug|Win32
		{67261D05-2260-4435-BE76-CC30D6420579}.DebugU|x86.ActiveCfg = Debug|Win32
		{67261D05-2260-4435-BE76-CC30D6420579}.DebugU|x86.Build.0 = Debug|Win32
		{67261D05-2260-4435-BE76-CC30D6420579}.Release|x86.ActiveCfg = Release|Win32
		{67261D05-2260-4435-BE76-CC30D6420579}.Release|x86.Build.0 = Release|Win32
		{67261D05-2260-4435-BE76-CC30D6420579}.ReleaseD|x86.ActiveCfg = Release|Win32
		{67261D05-2260-4435-BE76-CC30D6420579}.ReleaseD|x86.Build.0 = Release|Win32
		{67261D05-2260-4435-BE76-CC30D6420579}.ReleaseU|x86.ActiveCfg = Release|Win32
		{67261D05-2260-4435-BE76-CC30D6420579}.ReleaseU|x86.Build.0 = Release|Win32
		{261DFDB3-F79B-40DB-B7BD-143C9C9F6475}.Debug|x86.ActiveCfg = Debug|Win32
		{261DFDB3-F79B-40DB-B7BD-143C9C9F6475}.Debug|x86.Build.0 = Debug|Win32
		{261DFDB3-F79B-40DB-B7BD-143C9C9F6475}.DebugU|x86.ActiveCfg = DebugU|Win32
		{261DFDB3-F79B-40DB-B7BD-143C9C9F6475}.DebugU|x86.Build.0 = DebugU|Win32
		{261DFDB3-F79B-40DB-B7BD-143C9C9F6475}.Release|x86.ActiveCfg = Release|Win32
		{261DFDB3-F79B-40DB-B7BD-143C9C9F6475}.Release|x86.Build.0 = Release|Win32
		{261DFDB3-F79B-40DB-B7BD-143C9C9F6475}.ReleaseD|x86.ActiveCfg = Release|Win32
		{261DFDB3-F79B-40DB-B7BD-143C9C9F6475}.ReleaseD|x86.Build.0 = Release|Win32
		{261DFDB3-F79B-40DB-B7BD-143C9C9F6475}.ReleaseU|x86.ActiveCfg = ReleaseU|Win32
		{261DFDB3-F79B-40DB-B7BD-143C9C9F6475}.ReleaseU|x86.Build.0 = ReleaseU|Win32
		{0F0ABA67-3850-4ED0-A34A-2775B531CA5E}.Debug|x86.ActiveCfg = Debug|Win32
		{0F0ABA67-3850-4ED0-A34A-2775B531CA5E}.Debug|x86.Build.0 = Debug|Win32
		{0F0ABA67-3850-4ED0-A34A-2775B531CA5E}.DebugU|x86.ActiveCfg = DebugU|Win32
		{0F0ABA67-3850-4ED0-A34A-2775B531CA5E}.DebugU|x86.Build.0 = DebugU|Win32
		{0F0ABA67-3850-4ED0-A34A-2775B531CA5E}.Release|x86.ActiveCfg = Release|Win32
		{0F0ABA67-3850-4ED0-A34A-2775B531CA5E}.Release|x86.Build.0 = Release|Win32
		{0F0ABA67-3850-4ED0-A34A-2775B531CA5E}.ReleaseD|x86.ActiveCfg = Release|Win32
		{0F0ABA67-3850-4ED0-A34A-2775B531CA5E}.ReleaseD|x86.Build.0 = Release|Win32
		{0F0ABA67-3850-4ED0-A34A-2775B531CA5E}.ReleaseU|x86.ActiveCfg = ReleaseU|Win32
		{0F0ABA67-3850-4ED0-A34A-2775B531CA5E}.ReleaseU|x86.Build.0 = ReleaseU|Win32
		{DD5A1EF0-70A0-43E3-ABC4-918B91A176ED}.Debug|x86.ActiveCfg = Debug|Win32
		{DD5A1EF0-70A0-43E3-ABC4-918B91A176ED}.Debug|x86.Build.0 = Debug|Win32
		{DD5A1EF0-70A0-43E3-ABC4-918B91A176ED}.DebugU|x86.ActiveCfg = DebugU|Win32
		{DD5A1EF0-70A0-43E3-ABC4-918B91A176ED}.DebugU|x86.Build.0 = DebugU|Win32
		{DD5A1EF0-70A0-43E3-ABC4-918B91A176ED}.Release|x86.ActiveCfg = Release|Win32
		{DD5A1EF0-70A0-43E3-ABC4-918B91A176ED}.Release|x86.Build.0 = Release|Win32
		{DD5A1EF0-70A0-43E3-ABC4-918B91A176ED}.ReleaseD|x86.ActiveCfg = Release|Win32
		{DD5A1EF0-70A0-43E3-ABC4-918B91A176ED}.ReleaseD|x86.Build.0 = Release|Win32
		{DD5A1EF0-70A0-43E3-ABC4-918B91A176ED}.ReleaseU|x86.ActiveCfg = ReleaseU|Win32
		{DD5A1EF0-70A0-43E3-ABC4-918B91A176ED}.ReleaseU|x86.Build.0 = ReleaseU|Win32
		{42E18122-FC10-4F12-A51C-49A70E49FA03}.Debug|x86.ActiveCfg = Debug|Win32
		{42E18122-FC10-4F12-A51C-49A70E49FA03}.Debug|x86.Build.0 = Debug|Win32
		{42E18122-FC10-4F12-A51C-49A70E49FA03}.DebugU|x86.ActiveCfg = Debug|Win32
		{42E18122-FC10-4F12-A51C-49A70E49FA03}.DebugU|x86.Build.0 = Debug|Win32
		{42E18122-FC10-4F12-A51C-49A70E49FA03}.Release|x86.ActiveCfg = Release|Win32
		{42E18122-FC10-4F12-A51C-49A70E49FA03}.Release|x86.Build.0 = Release|Win32
		{42E18122-FC10-4F12-A51C-49A70E49FA03}.ReleaseD|x86.ActiveCfg = Release|Win32
		{42E18122-FC10-4F12-A51C-49A70E49FA03}.ReleaseD|x86.Build.0 = Release|Win32
		{42E18122-FC10-4F12-A51C-49A70E49FA03}.ReleaseU|x86.ActiveCfg = Release|Win32
		{42E18122-FC10-4F12-A51C-49A70E49FA03}.ReleaseU|x86.Build.0 = Release|Win32
		{44DB695C-C248-40C9-8CEB-0EE9E3B8685B}.Debug|x86.ActiveCfg = Debug|Win32
		{44DB695C-C248-40C9-8CEB-0EE9E3B8685B}.Debug|x86.Build.0 = Debug|Win32
		{44DB695C-C248-40C9-8CEB-0EE9E3B8685B}.DebugU|x86.ActiveCfg = Debug|Win32
		{44DB695C-C248-40C9-8CEB-0EE9E3B8685B}.DebugU|x86.Build.0 = Debug|Win32
		{44DB695C-C248-40C9-8CEB-0EE9E3B8685B}.Release|x86.ActiveCfg = Release|Win32
		{44DB695C-C248-40C9-8CEB-0EE9E3B8685B}.Release|x86.Build.0 = Release|Win32
		{44DB695C-C248-40C9-8CEB-0EE9E3B8685B}.ReleaseD|x86.ActiveCfg = Release|Win32
		{44DB695C-C248-40C9-8CEB-0EE9E3B8685B}.ReleaseD|x86.Build.0 = Release|Win32
		{44DB695C-C248-40C9-8CEB-0EE9E3B8685B}.ReleaseU|x86.ActiveCfg = Release|Win32
		{44DB695C-C248-40C9-8CEB-0EE9E3B8685B}.ReleaseU|x86.Build.0 = Release|Win32
		{39B3B109-0056-4E0C-912F-44192FFE32BB}.Debug|x86.ActiveCfg = Debug|Win32
		{39B3B109-0056-4E0C-912F-44192FFE32BB}.Debug|x86.Build.0 = Debug|Win32
		{39B3B109-0056-4E0C-912F-44192FFE32BB}.DebugU|x86.ActiveCfg = Debug|Win32
		{39B3B109-0056-4E0C-912F-44192FFE32BB}.DebugU|x86.Build.0 = Debug|Win32
		{39B3B109-0056-4E0C-912F-44192FFE32BB}.Release|x86.ActiveCfg = Release|Win32
		{39B3B109-0056-4E0C-912F-44192FFE32BB}.Release|x86.Build.0 = Release|Win32
		{39B3B109-0056-4E0C-912F-44192FFE32BB}.ReleaseD|x86.ActiveCfg = Release|Win32
		{39B3B109-0056-4E0C-912F-44192FFE32BB}.ReleaseD|x86.Build.0 = Release|Win32
		{39B3B109-0056-4E0C-912F-44192FFE32BB}.ReleaseU|x86.ActiveCfg = Release|Win32
		{39B3B109-0056-4E0C-912F-44192FFE32BB}.ReleaseU|x86.Build.0 = Release|Win32
		{0ADF5939-364C-455B-90AD-76B9E441CD8D}.Debug|x86.ActiveCfg = Debug|Win32
		{0ADF5939-364C-455B-90AD-76B9E441CD8D}.Debug|x86.Build.0 = Debug|Win32
		{0ADF5939-364C-455B-90AD-76B9E441CD8D}.DebugU|x86.ActiveCfg = Debug|Win32
		{0ADF5939-364C-455B-90AD-76B9E441CD8D}.DebugU|x86.Build.0 = Debug|Win32
		{0ADF5939-364C-455B-90AD-76B9E441CD8D}.Release|x86.ActiveCfg = Release|Win32
		{0ADF5939-364C-455B-90AD-76B9E441CD8D}.Release|x86.Build.0 = Release|Win32
		{0ADF5939-364C-455B-90AD-76B9E441CD8D}.ReleaseD|x86.ActiveCfg = Release|Win32
		{0ADF5939-364C-455B-90AD-76B9E441CD8D}.ReleaseD|x86.Build.0 = Release|Win32
		{0ADF5939-364C-455B-90AD-76B9E441CD8D}.ReleaseU|x86.ActiveCfg = Release|Win32
		{0ADF5939-364C-455B-90AD-76B9E441CD8D}.ReleaseU|x86.Build.0 = Release|Win32
		{42DA3DBA-ED48-4D37-9764-FE084BB1F00C}.Debug|x86.ActiveCfg = Debug|Win32
		{42DA3DBA-ED48-4D37-9764-FE084BB1F00C}.Debug|x86.Build.0 = Debug|Win32
		{42DA3DBA-ED48-4D37-9764-FE084BB1F00C}.DebugU|x86.ActiveCfg = Debug|Win32
		{42DA3DBA-ED48-4D37-9764-FE084BB1F00C}.DebugU|x86.Build.0 = Debug|Win32
		{42DA3DBA-ED48-4D37-9764-FE084BB1F00C}.Release|x86.ActiveCfg = Release|Win32
		{42DA3DBA-ED48-4D37-9764-FE084BB1F00C}.Release|x86.Build.0 = Release|Win32
		{42DA3DBA-ED48-4D37-9764-FE084BB1F00C}.ReleaseD|x86.ActiveCfg = Release|Win32
		{42DA3DBA-ED48-4D37-9764-FE084BB1F00C}.ReleaseD|x86.Build.0 = Release|Win32
		{42DA3DBA-ED48-4D37-9764-FE084BB1F00C}.ReleaseU|x86.ActiveCfg = Release|Win32
		{42DA3DBA-ED48-4D37-9764-FE084BB1F00C}.ReleaseU|x86.Build.0 = Release|Win32
		{94A0D817-BDC4-4D36-9CB0-EA8106781E02}.Debug|x86.ActiveCfg = Debug|Win32
		{94A0D817-BDC4-4D36-9CB0-EA8106781E02}.Debug|x86.Build.0 = Debug|Win32
		{94A0D817-BDC4-4D36-9CB0-EA8106781E02}.DebugU|x86.ActiveCfg = Debug|Win32
		{94A0D817-BDC4-4D36-9CB0-EA8106781E02}.DebugU|x86.Build.0 = Debug|Win32
		{94A0D817-BDC4-4D36-9CB0-EA8106781E02}.Release|x86.ActiveCfg = Release|Win32
		{94A0D817-BDC4-4D36-9CB0-EA8106781E02}.Release|x86.Build.0 = Release|Win32
		{94A0D817-BDC4-4D36-9CB0-EA8106781E02}.ReleaseD|x86.ActiveCfg = Release|Win32
		{94A0D817-BDC4-4D36-9CB0-EA8106781E02}.ReleaseD|x86.Build.0 = Release|Win32
		{94A0D817-BDC4-4D36-9CB0-EA8106781E02}.ReleaseU|x86.ActiveCfg = Release|Win32
		{94A0D817-BDC4-4D36-9CB0-EA8106781E02}.ReleaseU|x86.Build.0 = Release|Win32
		{E731D28F-E137-4877-8E89-12214ACCAB17}.Debug|x86.ActiveCfg = Debug|Win32
		{E731D28F-E137-4877-8E89-12214ACCAB17}.Debug|x86.Build.0 = Debug|Win32
		{E731D28F-E137-4877-8E89-12214ACCAB17}.DebugU|x86.ActiveCfg = Debug|Win32
		{E731D28F-E137-4877-8E89-12214ACCAB17}.DebugU|x86.Build.0 = Debug|Win32
		{E731D28F-E137-4877-8E89-12214ACCAB17}.Release|x86.ActiveCfg = Release|Win32
		{E731D28F-E137-4877-8E89-12214ACCAB17}.Release|x86.Build.0 = Release|Win32
		{E731D28F-E137-4877-8E89-12214ACCAB17}.ReleaseD|x86.ActiveCfg = Release|Win32
		{E731D28F-E137-4877-8E89-12214ACCAB17}.ReleaseD|x86.Build.0 = Release|Win32
		{E731D28F-E137-4877-8E89-12214ACCAB17}.ReleaseU|x86.ActiveCfg = Release|Win32
		{E731D28F-E137-4877-8E89-12214ACCAB17}.ReleaseU|x86.Build.0 = Release|Win32
	EndGlobalSection
	GlobalSection(SolutionProperties) = preSolution
		HideSolutionNode = FALSE
	EndGlobalSection
	GlobalSection(NestedProjects) = preSolution
		{8D4E775F-1FF8-4648-BAC2-C07EBFCDA91D} = {95DF0BBF-C9EF-4BCF-B5F7-4895694CBEE5}
		{6099C8AC-0618-4EEF-B114-18435BCDC9E7} = {E378318B-27F3-4B7A-9EC9-9FF6C81DEF08}
		{CA226D55-71CB-409F-BA89-A55D669C5544} = {E378318B-27F3-4B7A-9EC9-9FF6C81DEF08}
		{3BE58922-CC7F-41A4-B424-B2B7CE9603B2} = {E378318B-27F3-4B7A-9EC9-9FF6C81DEF08}
		{3F737FFB-7118-46F0-A9FF-97E1E80A8C2D} = {6099C8AC-0618-4EEF-B114-18435BCDC9E7}
		{75E60AAC-B311-4E00-AF06-E1B01832380E} = {3BE58922-CC7F-41A4-B424-B2B7CE9603B2}
		{B67EA12E-BD67-4FD9-9870-B3E8C082ABC0} = {3BE58922-CC7F-41A4-B424-B2B7CE9603B2}
		{01AAED47-4270-43F9-B194-DBA7D02296AB} = {3BE58922-CC7F-41A4-B424-B2B7CE9603B2}
		{97C3AB7F-5F12-467C-816D-108BC3164A3C} = {3BE58922-CC7F-41A4-B424-B2B7CE9603B2}
		{5418AABE-E94B-4C48-82A1-D3DB253CE2E6} = {3BE58922-CC7F-41A4-B424-B2B7CE9603B2}
		{347CAA61-67FC-473A-A6D9-2824B7CF80D1} = {3BE58922-CC7F-41A4-B424-B2B7CE9603B2}
		{2EBCAF5C-14CF-4B16-905C-DEBF8B157705} = {75E60AAC-B311-4E00-AF06-E1B01832380E}
		{B3D4B884-422B-42E7-987F-A0BF289D46BC} = {75E60AAC-B311-4E00-AF06-E1B01832380E}
		{AF07818E-47C9-430D-81FE-5A3976482A9C} = {75E60AAC-B311-4E00-AF06-E1B01832380E}
		{031F4E3F-BDF3-48EF-935E-AA5D120E6837} = {75E60AAC-B311-4E00-AF06-E1B01832380E}
		{611010B7-CFDC-4C67-A7FF-DD215E8E0E54} = {75E60AAC-B311-4E00-AF06-E1B01832380E}
		{645FB3AD-7FEC-4B65-B57C-0835A8C4097E} = {75E60AAC-B311-4E00-AF06-E1B01832380E}
		{34DFC040-B2F7-4362-9AD7-4ED92DCB9E5F} = {75E60AAC-B311-4E00-AF06-E1B01832380E}
		{AD1B6BA9-958F-4C96-9C48-20FC01B71157} = {75E60AAC-B311-4E00-AF06-E1B01832380E}
		{4E119339-A61C-4057-A5DF-04B4157C61F9} = {AD1B6BA9-958F-4C96-9C48-20FC01B71157}
		{4ED75C2F-F07D-4086-9C44-AD0AF0D5B727} = {34DFC040-B2F7-4362-9AD7-4ED92DCB9E5F}
		{3BABB2DD-FEEA-4807-A901-163163C353D7} = {645FB3AD-7FEC-4B65-B57C-0835A8C4097E}
		{18CF3CE2-55B9-4A7B-8DBD-B05B5C6A65F2} = {611010B7-CFDC-4C67-A7FF-DD215E8E0E54}
		{371380CD-10B9-416B-8E00-F8F7D4860797} = {031F4E3F-BDF3-48EF-935E-AA5D120E6837}
		{4CA574EC-BCFA-4403-882D-DE665CC3203D} = {B3D4B884-422B-42E7-987F-A0BF289D46BC}
		{04555493-F9D9-4B29-9F97-D5209045415C} = {5418AABE-E94B-4C48-82A1-D3DB253CE2E6}
		{955C7B59-7E1E-4CA2-891D-8BC909115A0B} = {04555493-F9D9-4B29-9F97-D5209045415C}
		{98B52FF2-E6C2-4C64-8747-88FD21B0A2CE} = {5418AABE-E94B-4C48-82A1-D3DB253CE2E6}
		{D74EA211-41CE-41D4-A8C4-E06E3E2C2416} = {98B52FF2-E6C2-4C64-8747-88FD21B0A2CE}
		{68F63F8D-823A-49DD-9934-E504BEEDB119} = {5418AABE-E94B-4C48-82A1-D3DB253CE2E6}
		{41BD26B0-D312-4CBF-9BFD-5D26878C99E6} = {68F63F8D-823A-49DD-9934-E504BEEDB119}
		{C3EF8A21-F4EE-424C-9A86-DDC11C1153F9} = {5418AABE-E94B-4C48-82A1-D3DB253CE2E6}
		{67261D05-2260-4435-BE76-CC30D6420579} = {C3EF8A21-F4EE-424C-9A86-DDC11C1153F9}
		{6D8DF7D4-909B-499B-822F-886CF7DA0E25} = {5418AABE-E94B-4C48-82A1-D3DB253CE2E6}
		{95DF0BBF-C9EF-4BCF-B5F7-4895694CBEE5} = {5418AABE-E94B-4C48-82A1-D3DB253CE2E6}
		{0CB0FB7D-45E7-4755-A172-219EAF0BF007} = {5418AABE-E94B-4C48-82A1-D3DB253CE2E6}
		{9D57C063-7AA4-4526-92EC-B8C0812D1EC5} = {5418AABE-E94B-4C48-82A1-D3DB253CE2E6}
		{B0B696E1-1D8A-43C5-A604-D8F747E5568B} = {5418AABE-E94B-4C48-82A1-D3DB253CE2E6}
		{7B9D0BAF-C2B9-480E-B53F-7F61F64449AB} = {5418AABE-E94B-4C48-82A1-D3DB253CE2E6}
		{261DFDB3-F79B-40DB-B7BD-143C9C9F6475} = {7B9D0BAF-C2B9-480E-B53F-7F61F64449AB}
		{5988ABFA-4BE8-4B18-823B-DD0D6BFB524A} = {5418AABE-E94B-4C48-82A1-D3DB253CE2E6}
		{0F0ABA67-3850-4ED0-A34A-2775B531CA5E} = {5988ABFA-4BE8-4B18-823B-DD0D6BFB524A}
		{CD56B58E-BE8C-48B7-9142-69DE09BFC808} = {5418AABE-E94B-4C48-82A1-D3DB253CE2E6}
		{DD5A1EF0-70A0-43E3-ABC4-918B91A176ED} = {CD56B58E-BE8C-48B7-9142-69DE09BFC808}
		{57E4E9F3-0EF0-4041-983B-6D10BE4AE29A} = {347CAA61-67FC-473A-A6D9-2824B7CF80D1}
		{20029D1E-E39E-45D6-ACB6-2BA1AEB76E45} = {347CAA61-67FC-473A-A6D9-2824B7CF80D1}
		{1A8DD142-B420-4B6D-8E1F-B7487A647026} = {347CAA61-67FC-473A-A6D9-2824B7CF80D1}
		{A8272BE9-FEC5-4E2D-A38F-D35FDA06D6F1} = {347CAA61-67FC-473A-A6D9-2824B7CF80D1}
		{FD066D58-5CE0-44F1-A50D-41D2583E99F6} = {347CAA61-67FC-473A-A6D9-2824B7CF80D1}
		{A6CCA676-F1A0-43FC-BDF0-D39A858A095C} = {347CAA61-67FC-473A-A6D9-2824B7CF80D1}
		{879A0C7A-929C-4287-9052-2A89A4A9C3F5} = {347CAA61-67FC-473A-A6D9-2824B7CF80D1}
		{F26A4FA7-78BF-4CA9-A397-5CE30E366B7F} = {347CAA61-67FC-473A-A6D9-2824B7CF80D1}
		{930A179F-2705-48ED-81C2-6400FF9A5010} = {347CAA61-67FC-473A-A6D9-2824B7CF80D1}
		{08B1B073-3C03-4D3E-B706-EA34DCB875E3} = {347CAA61-67FC-473A-A6D9-2824B7CF80D1}
		{192BDE55-7ACA-41F7-9B47-F078BAC3CF2C} = {347CAA61-67FC-473A-A6D9-2824B7CF80D1}
		{1935383B-2C9C-4967-A6E0-BF3298189BEB} = {347CAA61-67FC-473A-A6D9-2824B7CF80D1}
		{42E18122-FC10-4F12-A51C-49A70E49FA03} = {1935383B-2C9C-4967-A6E0-BF3298189BEB}
		{21EA0230-35AB-41C6-B9A6-A4E359B5ECFE} = {107BFD4F-8C95-44A3-A82C-654632A5626E}
		{E528C4ED-88CF-4716-BCD2-317946C256B8} = {21EA0230-35AB-41C6-B9A6-A4E359B5ECFE}
		{C464EBB6-667E-434D-84C5-B753474207A5} = {21EA0230-35AB-41C6-B9A6-A4E359B5ECFE}
		{0DD1B7A5-9744-448B-9B16-FF6FE8CAFFE9} = {21EA0230-35AB-41C6-B9A6-A4E359B5ECFE}
		{7C8C2B2F-D226-4B57-87C0-0CDF5119E681} = {21EA0230-35AB-41C6-B9A6-A4E359B5ECFE}
		{FD6B51CF-37CB-4C8E-87C0-94AB3B029C40} = {21EA0230-35AB-41C6-B9A6-A4E359B5ECFE}
		{067FCE91-1E40-4D93-A8B7-6B3857346BAA} = {21EA0230-35AB-41C6-B9A6-A4E359B5ECFE}
		{44DB695C-C248-40C9-8CEB-0EE9E3B8685B} = {E528C4ED-88CF-4716-BCD2-317946C256B8}
		{39B3B109-0056-4E0C-912F-44192FFE32BB} = {C464EBB6-667E-434D-84C5-B753474207A5}
		{0ADF5939-364C-455B-90AD-76B9E441CD8D} = {0DD1B7A5-9744-448B-9B16-FF6FE8CAFFE9}
		{42DA3DBA-ED48-4D37-9764-FE084BB1F00C} = {7C8C2B2F-D226-4B57-87C0-0CDF5119E681}
		{94A0D817-BDC4-4D36-9CB0-EA8106781E02} = {FD6B51CF-37CB-4C8E-87C0-94AB3B029C40}
		{E731D28F-E137-4877-8E89-12214ACCAB17} = {067FCE91-1E40-4D93-A8B7-6B3857346BAA}
		{779FCC7C-F142-40E4-98E0-7B49796AF2AE} = {5A56B3D2-068B-4193-AACB-17BE3BC6580B}
		{F9B7C251-B86B-4010-907F-70AE076A11CC} = {5A56B3D2-068B-4193-AACB-17BE3BC6580B}
	EndGlobalSection
EndGlobal
