<?xml version="1.0" encoding="utf-8"?>
<Project ToolsVersion="4.0" xmlns="http://schemas.microsoft.com/developer/msbuild/2003">
  <ItemGroup>
    <Filter Include="Spec">
      <UniqueIdentifier>{e488766c-3e1c-4a08-a813-0352fa64c31e}</UniqueIdentifier>
    </Filter>
    <Filter Include="Compress">
      <UniqueIdentifier>{e5c40707-65cf-44e5-9215-9254773452f0}</UniqueIdentifier>
    </Filter>
    <Filter Include="Windows">
      <UniqueIdentifier>{197a1b4d-9a08-4945-b19d-1e6acfe3fecc}</UniqueIdentifier>
    </Filter>
    <Filter Include="Common">
      <UniqueIdentifier>{34fd6656-2062-49cf-8cc9-dfab9ebd1f7e}</UniqueIdentifier>
    </Filter>
    <Filter Include="7zip Common">
      <UniqueIdentifier>{f02a7c3e-9323-43ed-85ec-db33621ba6ee}</UniqueIdentifier>
    </Filter>
    <Filter Include="UI Common">
      <UniqueIdentifier>{23539717-afa0-475e-9ec9-c2a5788a7aa4}</UniqueIdentifier>
    </Filter>
    <Filter Include="Console">
      <UniqueIdentifier>{64814c23-b83f-4e0b-ac24-edf95a3d074e}</UniqueIdentifier>
    </Filter>
    <Filter Include="C">
      <UniqueIdentifier>{3b08680f-2b27-4aef-877d-ee7ac531a294}</UniqueIdentifier>
    </Filter>
  </ItemGroup>
  <ItemGroup>
    <ClCompile Include="StdAfx.cpp">
      <Filter>Spec</Filter>
    </ClCompile>
    <ClCompile Include="..\..\Compress\LzmaDecoder.cpp">
      <Filter>Compress</Filter>
    </ClCompile>
    <ClCompile Include="..\..\Compress\LzmaEncoder.cpp">
      <Filter>Compress</Filter>
    </ClCompile>
    <ClCompile Include="..\..\Compress\LzmaRegister.cpp">
      <Filter>Compress</Filter>
    </ClCompile>
    <ClCompile Include="..\..\..\Windows\FileIO.cpp">
      <Filter>Windows</Filter>
    </ClCompile>
    <ClCompile Include="..\..\..\Windows\PropVariant.cpp">
      <Filter>Windows</Filter>
    </ClCompile>
    <ClCompile Include="..\..\..\Windows\Synchronization.cpp">
      <Filter>Windows</Filter>
    </ClCompile>
    <ClCompile Include="..\..\..\Windows\System.cpp">
      <Filter>Windows</Filter>
    </ClCompile>
    <ClCompile Include="..\..\..\Common\CommandLineParser.cpp">
      <Filter>Common</Filter>
    </ClCompile>
    <ClCompile Include="..\..\..\Common\CRC.cpp">
      <Filter>Common</Filter>
    </ClCompile>
    <ClCompile Include="..\..\..\Common\CrcReg.cpp">
      <Filter>Common</Filter>
    </ClCompile>
    <ClCompile Include="..\..\..\Common\IntToString.cpp">
      <Filter>Common</Filter>
    </ClCompile>
    <ClCompile Include="..\..\..\Common\MyString.cpp">
      <Filter>Common</Filter>
    </ClCompile>
    <ClCompile Include="..\..\..\Common\MyVector.cpp">
      <Filter>Common</Filter>
    </ClCompile>
    <ClCompile Include="..\..\..\Common\MyWindows.cpp">
      <Filter>Common</Filter>
    </ClCompile>
    <ClCompile Include="..\..\..\Common\NewHandler.cpp">
      <Filter>Common</Filter>
    </ClCompile>
    <ClCompile Include="..\..\..\Common\StringConvert.cpp">
      <Filter>Common</Filter>
    </ClCompile>
    <ClCompile Include="..\..\..\Common\StringToInt.cpp">
      <Filter>Common</Filter>
    </ClCompile>
    <ClCompile Include="..\..\Common\CreateCoder.cpp">
      <Filter>7zip Common</Filter>
    </ClCompile>
    <ClCompile Include="..\..\Common\CWrappers.cpp">
      <Filter>7zip Common</Filter>
    </ClCompile>
    <ClCompile Include="..\..\Common\FileStreams.cpp">
      <Filter>7zip Common</Filter>
    </ClCompile>
    <ClCompile Include="..\..\Common\FilterCoder.cpp">
      <Filter>7zip Common</Filter>
    </ClCompile>
    <ClCompile Include="..\..\Common\MethodProps.cpp">
      <Filter>7zip Common</Filter>
    </ClCompile>
    <ClCompile Include="..\..\Common\StreamUtils.cpp">
      <Filter>7zip Common</Filter>
    </ClCompile>
    <ClCompile Include="..\..\UI\Common\Bench.cpp">
      <Filter>UI Common</Filter>
    </ClCompile>
    <ClCompile Include="..\..\UI\Common\LoadCodecs.cpp">
      <Filter>UI Common</Filter>
    </ClCompile>
    <ClCompile Include="..\..\UI\Console\BenchCon.cpp">
      <Filter>Console</Filter>
    </ClCompile>
    <ClCompile Include="..\..\UI\Console\ConsoleClose.cpp">
      <Filter>Console</Filter>
    </ClCompile>
    <ClCompile Include="..\..\..\..\C\7zCrc.c">
      <Filter>C</Filter>
    </ClCompile>
    <ClCompile Include="..\..\..\..\C\7zCrcOpt.c">
      <Filter>C</Filter>
    </ClCompile>
    <ClCompile Include="..\..\..\..\C\Alloc.c">
      <Filter>C</Filter>
    </ClCompile>
    <ClCompile Include="..\..\..\..\C\Bra.c">
      <Filter>C</Filter>
    </ClCompile>
    <ClCompile Include="..\..\..\..\C\Bra86.c">
      <Filter>C</Filter>
    </ClCompile>
    <ClCompile Include="..\..\..\..\C\BraIA64.c">
      <Filter>C</Filter>
    </ClCompile>
    <ClCompile Include="..\..\..\..\C\CpuArch.c">
      <Filter>C</Filter>
    </ClCompile>
    <ClCompile Include="..\..\..\..\C\LzFind.c">
      <Filter>C</Filter>
    </ClCompile>
    <ClCompile Include="..\..\..\..\C\LzFindMt.c">
      <Filter>C</Filter>
    </ClCompile>
    <ClCompile Include="..\..\..\..\C\Lzma86Dec.c">
      <Filter>C</Filter>
    </ClCompile>
    <ClCompile Include="..\..\..\..\C\Lzma86Enc.c">
      <Filter>C</Filter>
    </ClCompile>
    <ClCompile Include="..\..\..\..\C\LzmaDec.c">
      <Filter>C</Filter>
    </ClCompile>
    <ClCompile Include="..\..\..\..\C\LzmaEnc.c">
      <Filter>C</Filter>
    </ClCompile>
    <ClCompile Include="..\..\..\..\C\Threads.c">
      <Filter>C</Filter>
    </ClCompile>
    <ClCompile Include="LzmaAlone.cpp" />
  </ItemGroup>
  <ItemGroup>
    <ClInclude Include="StdAfx.h">
      <Filter>Spec</Filter>
    </ClInclude>
    <ClInclude Include="..\..\Compress\LzmaDecoder.h">
      <Filter>Compress</Filter>
    </ClInclude>
    <ClInclude Include="..\..\Compress\LzmaEncoder.h">
      <Filter>Compress</Filter>
    </ClInclude>
    <ClInclude Include="..\..\..\Windows\FileIO.h">
      <Filter>Windows</Filter>
    </ClInclude>
    <ClInclude Include="..\..\..\Windows\PropVariant.h">
      <Filter>Windows</Filter>
    </ClInclude>
    <ClInclude Include="..\..\..\Windows\Synchronization.h">
      <Filter>Windows</Filter>
    </ClInclude>
    <ClInclude Include="..\..\..\Windows\System.h">
      <Filter>Windows</Filter>
    </ClInclude>
    <ClInclude Include="..\..\..\Windows\Thread.h">
      <Filter>Windows</Filter>
    </ClInclude>
    <ClInclude Include="..\..\..\Common\CommandLineParser.h">
      <Filter>Common</Filter>
    </ClInclude>
    <ClInclude Include="..\..\..\Common\ComTry.h">
      <Filter>Common</Filter>
    </ClInclude>
    <ClInclude Include="..\..\..\Common\Defs.h">
      <Filter>Common</Filter>
    </ClInclude>
    <ClInclude Include="..\..\..\Common\IntToString.h">
      <Filter>Common</Filter>
    </ClInclude>
    <ClInclude Include="..\..\..\Common\MyCom.h">
      <Filter>Common</Filter>
    </ClInclude>
    <ClInclude Include="..\..\..\Common\MyString.h">
      <Filter>Common</Filter>
    </ClInclude>
    <ClInclude Include="..\..\..\Common\MyUnknown.h">
      <Filter>Common</Filter>
    </ClInclude>
    <ClInclude Include="..\..\..\Common\MyVector.h">
      <Filter>Common</Filter>
    </ClInclude>
    <ClInclude Include="..\..\..\Common\MyWindows.h">
      <Filter>Common</Filter>
    </ClInclude>
    <ClInclude Include="..\..\..\Common\NewHandler.h">
      <Filter>Common</Filter>
    </ClInclude>
    <ClInclude Include="..\..\..\Common\StringConvert.h">
      <Filter>Common</Filter>
    </ClInclude>
    <ClInclude Include="..\..\..\Common\StringToInt.h">
      <Filter>Common</Filter>
    </ClInclude>
    <ClInclude Include="..\..\..\Common\Types.h">
      <Filter>Common</Filter>
    </ClInclude>
    <ClInclude Include="..\..\Common\CreateCoder.h">
      <Filter>7zip Common</Filter>
    </ClInclude>
    <ClInclude Include="..\..\Common\CWrappers.h">
      <Filter>7zip Common</Filter>
    </ClInclude>
    <ClInclude Include="..\..\Common\FileStreams.h">
      <Filter>7zip Common</Filter>
    </ClInclude>
    <ClInclude Include="..\..\Common\FilterCoder.h">
      <Filter>7zip Common</Filter>
    </ClInclude>
    <ClInclude Include="..\..\Common\MethodProps.h">
      <Filter>7zip Common</Filter>
    </ClInclude>
    <ClInclude Include="..\..\Common\StreamUtils.h">
      <Filter>7zip Common</Filter>
    </ClInclude>
    <ClInclude Include="..\..\UI\Common\Bench.h">
      <Filter>UI Common</Filter>
    </ClInclude>
    <ClInclude Include="..\..\UI\Common\LoadCodecs.h">
      <Filter>UI Common</Filter>
    </ClInclude>
    <ClInclude Include="..\..\UI\Console\BenchCon.h">
      <Filter>Console</Filter>
    </ClInclude>
    <ClInclude Include="..\..\UI\Console\ConsoleClose.h">
      <Filter>Console</Filter>
    </ClInclude>
    <ClInclude Include="..\..\..\..\C\7zCrc.h">
      <Filter>C</Filter>
    </ClInclude>
    <ClInclude Include="..\..\..\..\C\7zTypes.h">
      <Filter>C</Filter>
    </ClInclude>
    <ClInclude Include="..\..\..\..\C\Alloc.h">
      <Filter>C</Filter>
    </ClInclude>
    <ClInclude Include="..\..\..\..\C\Bra.h">
      <Filter>C</Filter>
    </ClInclude>
    <ClInclude Include="..\..\..\..\C\CpuArch.h">
      <Filter>C</Filter>
    </ClInclude>
    <ClInclude Include="..\..\..\..\C\LzFind.h">
      <Filter>C</Filter>
    </ClInclude>
    <ClInclude Include="..\..\..\..\C\LzFindMt.h">
      <Filter>C</Filter>
    </ClInclude>
    <ClInclude Include="..\..\..\..\C\LzHash.h">
      <Filter>C</Filter>
    </ClInclude>
    <ClInclude Include="..\..\..\..\C\Lzma86.h">
      <Filter>C</Filter>
    </ClInclude>
    <ClInclude Include="..\..\..\..\C\LzmaDec.h">
      <Filter>C</Filter>
    </ClInclude>
    <ClInclude Include="..\..\..\..\C\LzmaEnc.h">
      <Filter>C</Filter>
    </ClInclude>
    <ClInclude Include="..\..\..\..\C\Threads.h">
      <Filter>C</Filter>
    </ClInclude>
  </ItemGroup>
</Project>