<?xml version="1.0" encoding="utf-8"?>
<Project ToolsVersion="4.0" xmlns="http://schemas.microsoft.com/developer/msbuild/2003">
  <ItemGroup>
    <Filter Include="Console">
      <UniqueIdentifier>{fd4126e8-45e7-4625-8289-a1dfcfad7a9d}</UniqueIdentifier>
    </Filter>
    <Filter Include="Spec">
      <UniqueIdentifier>{4f4e1066-b6dc-4661-8979-47e646fddc6c}</UniqueIdentifier>
    </Filter>
    <Filter Include="Common">
      <UniqueIdentifier>{d00f0d1a-088c-4d09-be59-52893ebc8128}</UniqueIdentifier>
    </Filter>
    <Filter Include="Windows">
      <UniqueIdentifier>{64d27ae7-d08f-4c56-8702-22ab26c8b787}</UniqueIdentifier>
    </Filter>
    <Filter Include="7zip Common">
      <UniqueIdentifier>{81752dea-475d-4e20-96db-39b23c258808}</UniqueIdentifier>
    </Filter>
    <Filter Include="Compress">
      <UniqueIdentifier>{0779cc34-5b59-4ffb-99d3-545a419ad54b}</UniqueIdentifier>
    </Filter>
    <Filter Include="Archive">
      <UniqueIdentifier>{5b88340b-d3b2-4b9c-abce-57baae5f7226}</UniqueIdentifier>
    </Filter>
    <Filter Include="Archive\7z">
      <UniqueIdentifier>{c36d0a63-b870-42af-8ebc-33ff7d9eb499}</UniqueIdentifier>
    </Filter>
    <Filter Include="Archive\Archive Common">
      <UniqueIdentifier>{cdbb2279-8ae7-46c3-b4d7-71ad7ace65f9}</UniqueIdentifier>
    </Filter>
    <Filter Include="UI Common">
      <UniqueIdentifier>{2a07edc4-93fa-4ed0-b628-5b682e3fbd2e}</UniqueIdentifier>
    </Filter>
    <Filter Include="7-zip">
      <UniqueIdentifier>{2fd4e5c7-bb07-4ed3-a9d6-6568a8d4ec48}</UniqueIdentifier>
    </Filter>
    <Filter Include="C">
      <UniqueIdentifier>{dc4471af-4368-4385-90ae-bc8b61fbfc3d}</UniqueIdentifier>
    </Filter>
    <Filter Include="C\Xz">
      <UniqueIdentifier>{bec7a5e4-4841-4185-aaa6-2776f1f4368e}</UniqueIdentifier>
    </Filter>
    <Filter Include="Crypto">
      <UniqueIdentifier>{5caa7b5d-ffe7-48da-8582-ca1cf484ae66}</UniqueIdentifier>
    </Filter>
  </ItemGroup>
  <ItemGroup>
    <ClInclude Include="..\..\UI\Console\ArError.h">
      <Filter>Console</Filter>
    </ClInclude>
    <ClInclude Include="..\..\UI\Console\BenchCon.h">
      <Filter>Console</Filter>
    </ClInclude>
    <ClInclude Include="..\..\UI\Console\CompressionMode.h">
      <Filter>Console</Filter>
    </ClInclude>
    <ClInclude Include="..\..\UI\Console\ConsoleClose.h">
      <Filter>Console</Filter>
    </ClInclude>
    <ClInclude Include="..\..\UI\Console\ExtractCallbackConsole.h">
      <Filter>Console</Filter>
    </ClInclude>
    <ClInclude Include="..\..\UI\Console\HashCon.h">
      <Filter>Console</Filter>
    </ClInclude>
    <ClInclude Include="..\..\UI\Console\List.h">
      <Filter>Console</Filter>
    </ClInclude>
    <ClInclude Include="..\..\UI\Console\OpenCallbackConsole.h">
      <Filter>Console</Filter>
    </ClInclude>
    <ClInclude Include="..\..\UI\Console\PercentPrinter.h">
      <Filter>Console</Filter>
    </ClInclude>
    <ClInclude Include="..\..\UI\Console\UpdateCallbackConsole.h">
      <Filter>Console</Filter>
    </ClInclude>
    <ClInclude Include="..\..\UI\Console\UserInputUtils.h">
      <Filter>Console</Filter>
    </ClInclude>
    <ClInclude Include="StdAfx.h">
      <Filter>Spec</Filter>
    </ClInclude>
    <ClInclude Include="..\..\..\Common\AutoPtr.h">
      <Filter>Common</Filter>
    </ClInclude>
    <ClInclude Include="..\..\..\Common\Buffer.h">
      <Filter>Common</Filter>
    </ClInclude>
    <ClInclude Include="..\..\..\Common\CommandLineParser.h">
      <Filter>Common</Filter>
    </ClInclude>
    <ClInclude Include="..\..\..\Common\ComTry.h">
      <Filter>Common</Filter>
    </ClInclude>
    <ClInclude Include="..\..\..\Common\Defs.h">
      <Filter>Common</Filter>
    </ClInclude>
    <ClInclude Include="..\..\..\Common\DynamicBuffer.h">
      <Filter>Common</Filter>
    </ClInclude>
    <ClInclude Include="..\..\..\Common\IntToString.h">
      <Filter>Common</Filter>
    </ClInclude>
    <ClInclude Include="..\..\..\Common\ListFileUtils.h">
      <Filter>Common</Filter>
    </ClInclude>
    <ClInclude Include="..\..\..\Common\MyCom.h">
      <Filter>Common</Filter>
    </ClInclude>
    <ClInclude Include="..\..\..\Common\MyException.h">
      <Filter>Common</Filter>
    </ClInclude>
    <ClInclude Include="..\..\..\Common\MyGuidDef.h">
      <Filter>Common</Filter>
    </ClInclude>
    <ClInclude Include="..\..\..\Common\MyInitGuid.h">
      <Filter>Common</Filter>
    </ClInclude>
    <ClInclude Include="..\..\..\Common\MyString.h">
      <Filter>Common</Filter>
    </ClInclude>
    <ClInclude Include="..\..\..\Common\MyUnknown.h">
      <Filter>Common</Filter>
    </ClInclude>
    <ClInclude Include="..\..\..\Common\MyVector.h">
      <Filter>Common</Filter>
    </ClInclude>
    <ClInclude Include="..\..\..\Common\NewHandler.h">
      <Filter>Common</Filter>
    </ClInclude>
    <ClInclude Include="..\..\..\Common\StdInStream.h">
      <Filter>Common</Filter>
    </ClInclude>
    <ClInclude Include="..\..\..\Common\StdOutStream.h">
      <Filter>Common</Filter>
    </ClInclude>
    <ClInclude Include="..\..\..\Common\StringConvert.h">
      <Filter>Common</Filter>
    </ClInclude>
    <ClInclude Include="..\..\..\Common\StringToInt.h">
      <Filter>Common</Filter>
    </ClInclude>
    <ClInclude Include="..\..\..\Common\Types.h">
      <Filter>Common</Filter>
    </ClInclude>
    <ClInclude Include="..\..\..\Common\UTFConvert.h">
      <Filter>Common</Filter>
    </ClInclude>
    <ClInclude Include="..\..\..\Common\Wildcard.h">
      <Filter>Common</Filter>
    </ClInclude>
    <ClInclude Include="..\..\..\Windows\Defs.h">
      <Filter>Windows</Filter>
    </ClInclude>
    <ClInclude Include="..\..\..\Windows\Device.h">
      <Filter>Windows</Filter>
    </ClInclude>
    <ClInclude Include="..\..\..\Windows\DLL.h">
      <Filter>Windows</Filter>
    </ClInclude>
    <ClInclude Include="..\..\..\Windows\ErrorMsg.h">
      <Filter>Windows</Filter>
    </ClInclude>
    <ClInclude Include="..\..\..\Windows\FileDir.h">
      <Filter>Windows</Filter>
    </ClInclude>
    <ClInclude Include="..\..\..\Windows\FileFind.h">
      <Filter>Windows</Filter>
    </ClInclude>
    <ClInclude Include="..\..\..\Windows\FileIO.h">
      <Filter>Windows</Filter>
    </ClInclude>
    <ClInclude Include="..\..\..\Windows\FileMapping.h">
      <Filter>Windows</Filter>
    </ClInclude>
    <ClInclude Include="..\..\..\Windows\FileName.h">
      <Filter>Windows</Filter>
    </ClInclude>
    <ClInclude Include="..\..\..\Windows\Handle.h">
      <Filter>Windows</Filter>
    </ClInclude>
    <ClInclude Include="..\..\..\Windows\MemoryLock.h">
      <Filter>Windows</Filter>
    </ClInclude>
    <ClInclude Include="..\..\..\Windows\PropVariant.h">
      <Filter>Windows</Filter>
    </ClInclude>
    <ClInclude Include="..\..\..\Windows\PropVariantConv.h">
      <Filter>Windows</Filter>
    </ClInclude>
    <ClInclude Include="..\..\..\Windows\Synchronization.h">
      <Filter>Windows</Filter>
    </ClInclude>
    <ClInclude Include="..\..\..\Windows\System.h">
      <Filter>Windows</Filter>
    </ClInclude>
    <ClInclude Include="..\..\..\Windows\Thread.h">
      <Filter>Windows</Filter>
    </ClInclude>
    <ClInclude Include="..\..\..\Windows\TimeUtils.h">
      <Filter>Windows</Filter>
    </ClInclude>
    <ClInclude Include="..\..\Common\CreateCoder.h">
      <Filter>7zip Common</Filter>
    </ClInclude>
    <ClInclude Include="..\..\Common\CWrappers.h">
      <Filter>7zip Common</Filter>
    </ClInclude>
    <ClInclude Include="..\..\Common\FilePathAutoRename.h">
      <Filter>7zip Common</Filter>
    </ClInclude>
    <ClInclude Include="..\..\Common\FileStreams.h">
      <Filter>7zip Common</Filter>
    </ClInclude>
    <ClInclude Include="..\..\Common\FilterCoder.h">
      <Filter>7zip Common</Filter>
    </ClInclude>
    <ClInclude Include="..\..\Common\InBuffer.h">
      <Filter>7zip Common</Filter>
    </ClInclude>
    <ClInclude Include="..\..\Common\InOutTempBuffer.h">
      <Filter>7zip Common</Filter>
    </ClInclude>
    <ClInclude Include="..\..\Common\LimitedStreams.h">
      <Filter>7zip Common</Filter>
    </ClInclude>
    <ClInclude Include="..\..\Common\LockedStream.h">
      <Filter>7zip Common</Filter>
    </ClInclude>
    <ClInclude Include="..\..\Common\MethodId.h">
      <Filter>7zip Common</Filter>
    </ClInclude>
    <ClInclude Include="..\..\Common\MethodProps.h">
      <Filter>7zip Common</Filter>
    </ClInclude>
    <ClInclude Include="..\..\Common\OffsetStream.h">
      <Filter>7zip Common</Filter>
    </ClInclude>
    <ClInclude Include="..\..\Common\OutBuffer.h">
      <Filter>7zip Common</Filter>
    </ClInclude>
    <ClInclude Include="..\..\Common\ProgressUtils.h">
      <Filter>7zip Common</Filter>
    </ClInclude>
    <ClInclude Include="..\..\Common\RegisterArc.h">
      <Filter>7zip Common</Filter>
    </ClInclude>
    <ClInclude Include="..\..\Common\RegisterCodec.h">
      <Filter>7zip Common</Filter>
    </ClInclude>
    <ClInclude Include="..\..\Common\StreamBinder.h">
      <Filter>7zip Common</Filter>
    </ClInclude>
    <ClInclude Include="..\..\Common\StreamObjects.h">
      <Filter>7zip Common</Filter>
    </ClInclude>
    <ClInclude Include="..\..\Common\StreamUtils.h">
      <Filter>7zip Common</Filter>
    </ClInclude>
    <ClInclude Include="..\..\Common\UniqBlocks.h">
      <Filter>7zip Common</Filter>
    </ClInclude>
    <ClInclude Include="..\..\Common\VirtThread.h">
      <Filter>7zip Common</Filter>
    </ClInclude>
    <ClInclude Include="..\..\Compress\Bcj2Coder.h">
      <Filter>Compress</Filter>
    </ClInclude>
    <ClInclude Include="..\..\Compress\BcjCoder.h">
      <Filter>Compress</Filter>
    </ClInclude>
    <ClInclude Include="..\..\Compress\BranchMisc.h">
      <Filter>Compress</Filter>
    </ClInclude>
    <ClInclude Include="..\..\Compress\ByteSwap.h">
      <Filter>Compress</Filter>
    </ClInclude>
    <ClInclude Include="..\..\Compress\CopyCoder.h">
      <Filter>Compress</Filter>
    </ClInclude>
    <ClInclude Include="..\..\Compress\Lzma2Decoder.h">
      <Filter>Compress</Filter>
    </ClInclude>
    <ClInclude Include="..\..\Compress\Lzma2Encoder.h">
      <Filter>Compress</Filter>
    </ClInclude>
    <ClInclude Include="..\..\Compress\LzmaDecoder.h">
      <Filter>Compress</Filter>
    </ClInclude>
    <ClInclude Include="..\..\Compress\LzmaEncoder.h">
      <Filter>Compress</Filter>
    </ClInclude>
    <ClInclude Include="..\..\Archive\7z\7zCompressionMode.h">
      <Filter>Archive\7z</Filter>
    </ClInclude>
    <ClInclude Include="..\..\Archive\7z\7zDecode.h">
      <Filter>Archive\7z</Filter>
    </ClInclude>
    <ClInclude Include="..\..\Archive\7z\7zEncode.h">
      <Filter>Archive\7z</Filter>
    </ClInclude>
    <ClInclude Include="..\..\Archive\7z\7zFolderInStream.h">
      <Filter>Archive\7z</Filter>
    </ClInclude>
    <ClInclude Include="..\..\Archive\7z\7zHandler.h">
      <Filter>Archive\7z</Filter>
    </ClInclude>
    <ClInclude Include="..\..\Archive\7z\7zHeader.h">
      <Filter>Archive\7z</Filter>
    </ClInclude>
    <ClInclude Include="..\..\Archive\7z\7zIn.h">
      <Filter>Archive\7z</Filter>
    </ClInclude>
    <ClInclude Include="..\..\Archive\7z\7zItem.h">
      <Filter>Archive\7z</Filter>
    </ClInclude>
    <ClInclude Include="..\..\Archive\7z\7zOut.h">
      <Filter>Archive\7z</Filter>
    </ClInclude>
    <ClInclude Include="..\..\Archive\7z\7zProperties.h">
      <Filter>Archive\7z</Filter>
    </ClInclude>
    <ClInclude Include="..\..\Archive\7z\7zSpecStream.h">
      <Filter>Archive\7z</Filter>
    </ClInclude>
    <ClInclude Include="..\..\Archive\7z\7zUpdate.h">
      <Filter>Archive\7z</Filter>
    </ClInclude>
    <ClInclude Include="..\..\Archive\Common\CoderMixer2.h">
      <Filter>Archive\Archive Common</Filter>
    </ClInclude>
    <ClInclude Include="..\..\Archive\Common\DummyOutStream.h">
      <Filter>Archive\Archive Common</Filter>
    </ClInclude>
    <ClInclude Include="..\..\Archive\Common\HandlerOut.h">
      <Filter>Archive\Archive Common</Filter>
    </ClInclude>
    <ClInclude Include="..\..\Archive\Common\InStreamWithCRC.h">
      <Filter>Archive\Archive Common</Filter>
    </ClInclude>
    <ClInclude Include="..\..\Archive\Common\ItemNameUtils.h">
      <Filter>Archive\Archive Common</Filter>
    </ClInclude>
    <ClInclude Include="..\..\Archive\Common\MultiStream.h">
      <Filter>Archive\Archive Common</Filter>
    </ClInclude>
    <ClInclude Include="..\..\Archive\Common\OutStreamWithCRC.h">
      <Filter>Archive\Archive Common</Filter>
    </ClInclude>
    <ClInclude Include="..\..\Archive\Common\ParseProperties.h">
      <Filter>Archive\Archive Common</Filter>
    </ClInclude>
    <ClInclude Include="..\..\Archive\IArchive.h">
      <Filter>Archive</Filter>
    </ClInclude>
    <ClInclude Include="..\..\UI\Common\ArchiveCommandLine.h">
      <Filter>UI Common</Filter>
    </ClInclude>
    <ClInclude Include="..\..\UI\Common\ArchiveExtractCallback.h">
      <Filter>UI Common</Filter>
    </ClInclude>
    <ClInclude Include="..\..\UI\Common\ArchiveOpenCallback.h">
      <Filter>UI Common</Filter>
    </ClInclude>
    <ClInclude Include="..\..\UI\Common\Bench.h">
      <Filter>UI Common</Filter>
    </ClInclude>
    <ClInclude Include="..\..\UI\Common\DefaultName.h">
      <Filter>UI Common</Filter>
    </ClInclude>
    <ClInclude Include="..\..\UI\Common\EnumDirItems.h">
      <Filter>UI Common</Filter>
    </ClInclude>
    <ClInclude Include="..\..\UI\Common\Extract.h">
      <Filter>UI Common</Filter>
    </ClInclude>
    <ClInclude Include="..\..\UI\Common\ExtractingFilePath.h">
      <Filter>UI Common</Filter>
    </ClInclude>
    <ClInclude Include="..\..\UI\Common\HashCalc.h">
      <Filter>UI Common</Filter>
    </ClInclude>
    <ClInclude Include="..\..\UI\Common\LoadCodecs.h">
      <Filter>UI Common</Filter>
    </ClInclude>
    <ClInclude Include="..\..\UI\Common\OpenArchive.h">
      <Filter>UI Common</Filter>
    </ClInclude>
    <ClInclude Include="..\..\UI\Common\Property.h">
      <Filter>UI Common</Filter>
    </ClInclude>
    <ClInclude Include="..\..\UI\Common\PropIDUtils.h">
      <Filter>UI Common</Filter>
    </ClInclude>
    <ClInclude Include="..\..\UI\Common\SetProperties.h">
      <Filter>UI Common</Filter>
    </ClInclude>
    <ClInclude Include="..\..\UI\Common\SortUtils.h">
      <Filter>UI Common</Filter>
    </ClInclude>
    <ClInclude Include="..\..\UI\Common\TempFiles.h">
      <Filter>UI Common</Filter>
    </ClInclude>
    <ClInclude Include="..\..\UI\Common\Update.h">
      <Filter>UI Common</Filter>
    </ClInclude>
    <ClInclude Include="..\..\UI\Common\UpdateAction.h">
      <Filter>UI Common</Filter>
    </ClInclude>
    <ClInclude Include="..\..\UI\Common\UpdateCallback.h">
      <Filter>UI Common</Filter>
    </ClInclude>
    <ClInclude Include="..\..\UI\Common\UpdatePair.h">
      <Filter>UI Common</Filter>
    </ClInclude>
    <ClInclude Include="..\..\UI\Common\UpdateProduce.h">
      <Filter>UI Common</Filter>
    </ClInclude>
    <ClInclude Include="..\..\ICoder.h">
      <Filter>7-zip</Filter>
    </ClInclude>
    <ClInclude Include="..\..\IMyUnknown.h">
      <Filter>7-zip</Filter>
    </ClInclude>
    <ClInclude Include="..\..\IPassword.h">
      <Filter>7-zip</Filter>
    </ClInclude>
    <ClInclude Include="..\..\IProgress.h">
      <Filter>7-zip</Filter>
    </ClInclude>
    <ClInclude Include="..\..\IStream.h">
      <Filter>7-zip</Filter>
    </ClInclude>
    <ClInclude Include="..\..\PropID.h">
      <Filter>7-zip</Filter>
    </ClInclude>
    <ClInclude Include="..\..\..\..\C\Sha256.h">
      <Filter>C\Xz</Filter>
    </ClInclude>
    <ClInclude Include="..\..\..\..\C\Xz.h">
      <Filter>C\Xz</Filter>
    </ClInclude>
    <ClInclude Include="..\..\..\..\C\XzCrc64.h">
      <Filter>C\Xz</Filter>
    </ClInclude>
    <ClInclude Include="..\..\..\..\C\XzEnc.h">
      <Filter>C\Xz</Filter>
    </ClInclude>
    <ClInclude Include="..\..\..\..\C\7zCrc.h">
      <Filter>C</Filter>
    </ClInclude>
    <ClInclude Include="..\..\..\..\C\Aes.h">
      <Filter>C</Filter>
    </ClInclude>
    <ClInclude Include="..\..\..\..\C\Alloc.h">
      <Filter>C</Filter>
    </ClInclude>
    <ClInclude Include="..\..\..\..\C\Bcj2.h">
      <Filter>C</Filter>
    </ClInclude>
    <ClInclude Include="..\..\..\..\C\Bra.h">
      <Filter>C</Filter>
    </ClInclude>
    <ClInclude Include="..\..\..\..\C\CpuArch.h">
      <Filter>C</Filter>
    </ClInclude>
    <ClInclude Include="..\..\..\..\C\Delta.h">
      <Filter>C</Filter>
    </ClInclude>
    <ClInclude Include="..\..\..\..\C\IStream.h">
      <Filter>C</Filter>
    </ClInclude>
    <ClInclude Include="..\..\..\..\C\LzFind.h">
      <Filter>C</Filter>
    </ClInclude>
    <ClInclude Include="..\..\..\..\C\LzFindMt.h">
      <Filter>C</Filter>
    </ClInclude>
    <ClInclude Include="..\..\..\..\C\Compress\Lz\LzHash.h">
      <Filter>C</Filter>
    </ClInclude>
    <ClInclude Include="..\..\..\..\C\LzHash.h">
      <Filter>C</Filter>
    </ClInclude>
    <ClInclude Include="..\..\..\..\C\Lzma2Dec.h">
      <Filter>C</Filter>
    </ClInclude>
    <ClInclude Include="..\..\..\..\C\Lzma2Enc.h">
      <Filter>C</Filter>
    </ClInclude>
    <ClInclude Include="..\..\..\..\C\LzmaDec.h">
      <Filter>C</Filter>
    </ClInclude>
    <ClInclude Include="..\..\..\..\C\LzmaEnc.h">
      <Filter>C</Filter>
    </ClInclude>
    <ClInclude Include="..\..\..\..\C\MtCoder.h">
      <Filter>C</Filter>
    </ClInclude>
    <ClInclude Include="..\..\..\..\C\Threads.h">
      <Filter>C</Filter>
    </ClInclude>
    <ClInclude Include="..\..\..\..\C\Types.h">
      <Filter>C</Filter>
    </ClInclude>
    <ClInclude Include="..\..\Crypto\7zAes.h">
      <Filter>Crypto</Filter>
    </ClInclude>
    <ClInclude Include="..\..\Crypto\MyAes.h">
      <Filter>Crypto</Filter>
    </ClInclude>
    <ClInclude Include="..\..\Crypto\RandGen.h">
      <Filter>Crypto</Filter>
    </ClInclude>
  </ItemGroup>
  <ItemGroup>
    <ClCompile Include="..\..\UI\Console\BenchCon.cpp">
      <Filter>Console</Filter>
    </ClCompile>
    <ClCompile Include="..\..\UI\Console\ConsoleClose.cpp">
      <Filter>Console</Filter>
    </ClCompile>
    <ClCompile Include="..\..\UI\Console\ExtractCallbackConsole.cpp">
      <Filter>Console</Filter>
    </ClCompile>
    <ClCompile Include="..\..\UI\Console\HashCon.cpp">
      <Filter>Console</Filter>
    </ClCompile>
    <ClCompile Include="..\..\UI\Console\List.cpp">
      <Filter>Console</Filter>
    </ClCompile>
    <ClCompile Include="..\..\UI\Console\Main.cpp">
      <Filter>Console</Filter>
    </ClCompile>
    <ClCompile Include="..\..\UI\Console\MainAr.cpp">
      <Filter>Console</Filter>
    </ClCompile>
    <ClCompile Include="..\..\UI\Console\OpenCallbackConsole.cpp">
      <Filter>Console</Filter>
    </ClCompile>
    <ClCompile Include="..\..\UI\Console\PercentPrinter.cpp">
      <Filter>Console</Filter>
    </ClCompile>
    <ClCompile Include="..\..\UI\Console\UpdateCallbackConsole.cpp">
      <Filter>Console</Filter>
    </ClCompile>
    <ClCompile Include="..\..\UI\Console\UserInputUtils.cpp">
      <Filter>Console</Filter>
    </ClCompile>
    <ClCompile Include="StdAfx.cpp">
      <Filter>Spec</Filter>
    </ClCompile>
    <ClCompile Include="..\..\..\Common\CommandLineParser.cpp">
      <Filter>Common</Filter>
    </ClCompile>
    <ClCompile Include="..\..\..\Common\CRC.cpp">
      <Filter>Common</Filter>
    </ClCompile>
    <ClCompile Include="..\..\..\Common\CrcReg.cpp">
      <Filter>Common</Filter>
    </ClCompile>
    <ClCompile Include="..\..\..\Common\IntToString.cpp">
      <Filter>Common</Filter>
    </ClCompile>
    <ClCompile Include="..\..\..\Common\ListFileUtils.cpp">
      <Filter>Common</Filter>
    </ClCompile>
    <ClCompile Include="..\..\..\Common\MyString.cpp">
      <Filter>Common</Filter>
    </ClCompile>
    <ClCompile Include="..\..\..\Common\MyVector.cpp">
      <Filter>Common</Filter>
    </ClCompile>
    <ClCompile Include="..\..\..\Common\NewHandler.cpp">
      <Filter>Common</Filter>
    </ClCompile>
    <ClCompile Include="..\..\..\Common\Sha256Reg.cpp">
      <Filter>Common</Filter>
    </ClCompile>
    <ClCompile Include="..\..\..\Common\StdInStream.cpp">
      <Filter>Common</Filter>
    </ClCompile>
    <ClCompile Include="..\..\..\Common\StdOutStream.cpp">
      <Filter>Common</Filter>
    </ClCompile>
    <ClCompile Include="..\..\..\Common\StringConvert.cpp">
      <Filter>Common</Filter>
    </ClCompile>
    <ClCompile Include="..\..\..\Common\StringToInt.cpp">
      <Filter>Common</Filter>
    </ClCompile>
    <ClCompile Include="..\..\..\Common\UTFConvert.cpp">
      <Filter>Common</Filter>
    </ClCompile>
    <ClCompile Include="..\..\..\Common\Wildcard.cpp">
      <Filter>Common</Filter>
    </ClCompile>
    <ClCompile Include="..\..\..\Common\XzCrc64Reg.cpp">
      <Filter>Common</Filter>
    </ClCompile>
    <ClCompile Include="..\..\..\Windows\DLL.cpp">
      <Filter>Windows</Filter>
    </ClCompile>
    <ClCompile Include="..\..\..\Windows\ErrorMsg.cpp">
      <Filter>Windows</Filter>
    </ClCompile>
    <ClCompile Include="..\..\..\Windows\FileDir.cpp">
      <Filter>Windows</Filter>
    </ClCompile>
    <ClCompile Include="..\..\..\Windows\FileFind.cpp">
      <Filter>Windows</Filter>
    </ClCompile>
    <ClCompile Include="..\..\..\Windows\FileIO.cpp">
      <Filter>Windows</Filter>
    </ClCompile>
    <ClCompile Include="..\..\..\Windows\FileLink.cpp">
      <Filter>Windows</Filter>
    </ClCompile>
    <ClCompile Include="..\..\..\Windows\FileName.cpp">
      <Filter>Windows</Filter>
    </ClCompile>
    <ClCompile Include="..\..\..\Windows\MemoryLock.cpp">
      <Filter>Windows</Filter>
    </ClCompile>
    <ClCompile Include="..\..\..\Windows\PropVariant.cpp">
      <Filter>Windows</Filter>
    </ClCompile>
    <ClCompile Include="..\..\..\Windows\PropVariantConv.cpp">
      <Filter>Windows</Filter>
    </ClCompile>
    <ClCompile Include="..\..\..\Windows\Synchronization.cpp">
      <Filter>Windows</Filter>
    </ClCompile>
    <ClCompile Include="..\..\..\Windows\System.cpp">
      <Filter>Windows</Filter>
    </ClCompile>
    <ClCompile Include="..\..\..\Windows\TimeUtils.cpp">
      <Filter>Windows</Filter>
    </ClCompile>
    <ClCompile Include="..\..\Common\CreateCoder.cpp">
      <Filter>7zip Common</Filter>
    </ClCompile>
    <ClCompile Include="..\..\Common\CWrappers.cpp">
      <Filter>7zip Common</Filter>
    </ClCompile>
    <ClCompile Include="..\..\Common\FilePathAutoRename.cpp">
      <Filter>7zip Common</Filter>
    </ClCompile>
    <ClCompile Include="..\..\Common\FileStreams.cpp">
      <Filter>7zip Common</Filter>
    </ClCompile>
    <ClCompile Include="..\..\Common\FilterCoder.cpp">
      <Filter>7zip Common</Filter>
    </ClCompile>
    <ClCompile Include="..\..\Common\InBuffer.cpp">
      <Filter>7zip Common</Filter>
    </ClCompile>
    <ClCompile Include="..\..\Common\InOutTempBuffer.cpp">
      <Filter>7zip Common</Filter>
    </ClCompile>
    <ClCompile Include="..\..\Common\LimitedStreams.cpp">
      <Filter>7zip Common</Filter>
    </ClCompile>
    <ClCompile Include="..\..\Common\LockedStream.cpp">
      <Filter>7zip Common</Filter>
    </ClCompile>
    <ClCompile Include="..\..\Common\MethodId.cpp">
      <Filter>7zip Common</Filter>
    </ClCompile>
    <ClCompile Include="..\..\Common\MethodProps.cpp">
      <Filter>7zip Common</Filter>
    </ClCompile>
    <ClCompile Include="..\..\Common\OffsetStream.cpp">
      <Filter>7zip Common</Filter>
    </ClCompile>
    <ClCompile Include="..\..\Common\OutBuffer.cpp">
      <Filter>7zip Common</Filter>
    </ClCompile>
    <ClCompile Include="..\..\Common\ProgressUtils.cpp">
      <Filter>7zip Common</Filter>
    </ClCompile>
    <ClCompile Include="..\..\Common\PropId.cpp">
      <Filter>7zip Common</Filter>
    </ClCompile>
    <ClCompile Include="..\..\Common\StreamBinder.cpp">
      <Filter>7zip Common</Filter>
    </ClCompile>
    <ClCompile Include="..\..\Common\StreamObjects.cpp">
      <Filter>7zip Common</Filter>
    </ClCompile>
    <ClCompile Include="..\..\Common\StreamUtils.cpp">
      <Filter>7zip Common</Filter>
    </ClCompile>
    <ClCompile Include="..\..\Common\UniqBlocks.cpp">
      <Filter>7zip Common</Filter>
    </ClCompile>
    <ClCompile Include="..\..\Common\VirtThread.cpp">
      <Filter>7zip Common</Filter>
    </ClCompile>
    <ClCompile Include="..\..\Compress\Bcj2Coder.cpp">
      <Filter>Compress</Filter>
    </ClCompile>
    <ClCompile Include="..\..\Compress\Bcj2Register.cpp">
      <Filter>Compress</Filter>
    </ClCompile>
    <ClCompile Include="..\..\Compress\BcjCoder.cpp">
      <Filter>Compress</Filter>
    </ClCompile>
    <ClCompile Include="..\..\Compress\BcjRegister.cpp">
      <Filter>Compress</Filter>
    </ClCompile>
    <ClCompile Include="..\..\Compress\BranchMisc.cpp">
      <Filter>Compress</Filter>
    </ClCompile>
    <ClCompile Include="..\..\Compress\BranchRegister.cpp">
      <Filter>Compress</Filter>
    </ClCompile>
    <ClCompile Include="..\..\Compress\ByteSwap.cpp">
      <Filter>Compress</Filter>
    </ClCompile>
    <ClCompile Include="..\..\Compress\CopyCoder.cpp">
      <Filter>Compress</Filter>
    </ClCompile>
    <ClCompile Include="..\..\Compress\CopyRegister.cpp">
      <Filter>Compress</Filter>
    </ClCompile>
    <ClCompile Include="..\..\Compress\DeltaFilter.cpp">
      <Filter>Compress</Filter>
    </ClCompile>
    <ClCompile Include="..\..\Compress\Lzma2Decoder.cpp">
      <Filter>Compress</Filter>
    </ClCompile>
    <ClCompile Include="..\..\Compress\Lzma2Encoder.cpp">
      <Filter>Compress</Filter>
    </ClCompile>
    <ClCompile Include="..\..\Compress\Lzma2Register.cpp">
      <Filter>Compress</Filter>
    </ClCompile>
    <ClCompile Include="..\..\Compress\LzmaDecoder.cpp">
      <Filter>Compress</Filter>
    </ClCompile>
    <ClCompile Include="..\..\Compress\LzmaEncoder.cpp">
      <Filter>Compress</Filter>
    </ClCompile>
    <ClCompile Include="..\..\Compress\LzmaRegister.cpp">
      <Filter>Compress</Filter>
    </ClCompile>
    <ClCompile Include="..\..\Archive\7z\7zCompressionMode.cpp">
      <Filter>Archive\7z</Filter>
    </ClCompile>
    <ClCompile Include="..\..\Archive\7z\7zDecode.cpp">
      <Filter>Archive\7z</Filter>
    </ClCompile>
    <ClCompile Include="..\..\Archive\7z\7zEncode.cpp">
      <Filter>Archive\7z</Filter>
    </ClCompile>
    <ClCompile Include="..\..\Archive\7z\7zExtract.cpp">
      <Filter>Archive\7z</Filter>
    </ClCompile>
    <ClCompile Include="..\..\Archive\7z\7zFolderInStream.cpp">
      <Filter>Archive\7z</Filter>
    </ClCompile>
    <ClCompile Include="..\..\Archive\7z\7zHandler.cpp">
      <Filter>Archive\7z</Filter>
    </ClCompile>
    <ClCompile Include="..\..\Archive\7z\7zHandlerOut.cpp">
      <Filter>Archive\7z</Filter>
    </ClCompile>
    <ClCompile Include="..\..\Archive\7z\7zHeader.cpp">
      <Filter>Archive\7z</Filter>
    </ClCompile>
    <ClCompile Include="..\..\Archive\7z\7zIn.cpp">
      <Filter>Archive\7z</Filter>
    </ClCompile>
    <ClCompile Include="..\..\Archive\7z\7zOut.cpp">
      <Filter>Archive\7z</Filter>
    </ClCompile>
    <ClCompile Include="..\..\Archive\7z\7zProperties.cpp">
      <Filter>Archive\7z</Filter>
    </ClCompile>
    <ClCompile Include="..\..\Archive\7z\7zRegister.cpp">
      <Filter>Archive\7z</Filter>
    </ClCompile>
    <ClCompile Include="..\..\Archive\7z\7zSpecStream.cpp">
      <Filter>Archive\7z</Filter>
    </ClCompile>
    <ClCompile Include="..\..\Archive\7z\7zUpdate.cpp">
      <Filter>Archive\7z</Filter>
    </ClCompile>
    <ClCompile Include="..\..\Archive\Common\CoderMixer2.cpp">
      <Filter>Archive\Archive Common</Filter>
    </ClCompile>
    <ClCompile Include="..\..\Archive\Common\DummyOutStream.cpp">
      <Filter>Archive\Archive Common</Filter>
    </ClCompile>
    <ClCompile Include="..\..\Archive\Common\HandlerOut.cpp">
      <Filter>Archive\Archive Common</Filter>
    </ClCompile>
    <ClCompile Include="..\..\Archive\Common\InStreamWithCRC.cpp">
      <Filter>Archive\Archive Common</Filter>
    </ClCompile>
    <ClCompile Include="..\..\Archive\Common\ItemNameUtils.cpp">
      <Filter>Archive\Archive Common</Filter>
    </ClCompile>
    <ClCompile Include="..\..\Archive\Common\MultiStream.cpp">
      <Filter>Archive\Archive Common</Filter>
    </ClCompile>
    <ClCompile Include="..\..\Archive\Common\OutStreamWithCRC.cpp">
      <Filter>Archive\Archive Common</Filter>
    </ClCompile>
    <ClCompile Include="..\..\Archive\Common\ParseProperties.cpp">
      <Filter>Archive\Archive Common</Filter>
    </ClCompile>
    <ClCompile Include="..\..\Archive\LzmaHandler.cpp">
      <Filter>Archive</Filter>
    </ClCompile>
    <ClCompile Include="..\..\Archive\SplitHandler.cpp">
      <Filter>Archive</Filter>
    </ClCompile>
    <ClCompile Include="..\..\Archive\XzHandler.cpp">
      <Filter>Archive</Filter>
    </ClCompile>
    <ClCompile Include="..\..\UI\Common\ArchiveCommandLine.cpp">
      <Filter>UI Common</Filter>
    </ClCompile>
    <ClCompile Include="..\..\UI\Common\ArchiveExtractCallback.cpp">
      <Filter>UI Common</Filter>
    </ClCompile>
    <ClCompile Include="..\..\UI\Common\ArchiveOpenCallback.cpp">
      <Filter>UI Common</Filter>
    </ClCompile>
    <ClCompile Include="..\..\UI\Common\Bench.cpp">
      <Filter>UI Common</Filter>
    </ClCompile>
    <ClCompile Include="..\..\UI\Common\DefaultName.cpp">
      <Filter>UI Common</Filter>
    </ClCompile>
    <ClCompile Include="..\..\UI\Common\EnumDirItems.cpp">
      <Filter>UI Common</Filter>
    </ClCompile>
    <ClCompile Include="..\..\UI\Common\Extract.cpp">
      <Filter>UI Common</Filter>
    </ClCompile>
    <ClCompile Include="..\..\UI\Common\ExtractingFilePath.cpp">
      <Filter>UI Common</Filter>
    </ClCompile>
    <ClCompile Include="..\..\UI\Common\HashCalc.cpp">
      <Filter>UI Common</Filter>
    </ClCompile>
    <ClCompile Include="..\..\UI\Common\LoadCodecs.cpp">
      <Filter>UI Common</Filter>
    </ClCompile>
    <ClCompile Include="..\..\UI\Common\OpenArchive.cpp">
      <Filter>UI Common</Filter>
    </ClCompile>
    <ClCompile Include="..\..\UI\Common\PropIDUtils.cpp">
      <Filter>UI Common</Filter>
    </ClCompile>
    <ClCompile Include="..\..\UI\Common\SetProperties.cpp">
      <Filter>UI Common</Filter>
    </ClCompile>
    <ClCompile Include="..\..\UI\Common\SortUtils.cpp">
      <Filter>UI Common</Filter>
    </ClCompile>
    <ClCompile Include="..\..\UI\Common\TempFiles.cpp">
      <Filter>UI Common</Filter>
    </ClCompile>
    <ClCompile Include="..\..\UI\Common\Update.cpp">
      <Filter>UI Common</Filter>
    </ClCompile>
    <ClCompile Include="..\..\UI\Common\UpdateAction.cpp">
      <Filter>UI Common</Filter>
    </ClCompile>
    <ClCompile Include="..\..\UI\Common\UpdateCallback.cpp">
      <Filter>UI Common</Filter>
    </ClCompile>
    <ClCompile Include="..\..\UI\Common\UpdatePair.cpp">
      <Filter>UI Common</Filter>
    </ClCompile>
    <ClCompile Include="..\..\UI\Common\UpdateProduce.cpp">
      <Filter>UI Common</Filter>
    </ClCompile>
    <ClCompile Include="..\..\..\..\C\Sha256.c">
      <Filter>C\Xz</Filter>
    </ClCompile>
    <ClCompile Include="..\..\..\..\C\Xz.c">
      <Filter>C\Xz</Filter>
    </ClCompile>
    <ClCompile Include="..\..\..\..\C\XzCrc64.c">
      <Filter>C\Xz</Filter>
    </ClCompile>
    <ClCompile Include="..\..\..\..\C\XzCrc64Opt.c">
      <Filter>C\Xz</Filter>
    </ClCompile>
    <ClCompile Include="..\..\..\..\C\XzDec.c">
      <Filter>C\Xz</Filter>
    </ClCompile>
    <ClCompile Include="..\..\..\..\C\XzEnc.c">
      <Filter>C\Xz</Filter>
    </ClCompile>
    <ClCompile Include="..\..\..\..\C\XzIn.c">
      <Filter>C\Xz</Filter>
    </ClCompile>
    <ClCompile Include="..\..\..\..\C\7zCrc.c">
      <Filter>C</Filter>
    </ClCompile>
    <ClCompile Include="..\..\..\..\C\7zCrcOpt.c">
      <Filter>C</Filter>
    </ClCompile>
    <ClCompile Include="..\..\..\..\C\7zStream.c">
      <Filter>C</Filter>
    </ClCompile>
    <ClCompile Include="..\..\..\..\C\Aes.c">
      <Filter>C</Filter>
    </ClCompile>
    <ClCompile Include="..\..\..\..\C\AesOpt.c">
      <Filter>C</Filter>
    </ClCompile>
    <ClCompile Include="..\..\..\..\C\Alloc.c">
      <Filter>C</Filter>
    </ClCompile>
    <ClCompile Include="..\..\..\..\C\Bcj2.c">
      <Filter>C</Filter>
    </ClCompile>
    <ClCompile Include="..\..\..\..\C\Bcj2Enc.c">
      <Filter>C</Filter>
    </ClCompile>
    <ClCompile Include="..\..\..\..\C\Bra.c">
      <Filter>C</Filter>
    </ClCompile>
    <ClCompile Include="..\..\..\..\C\Bra86.c">
      <Filter>C</Filter>
    </ClCompile>
    <ClCompile Include="..\..\..\..\C\BraIA64.c">
      <Filter>C</Filter>
    </ClCompile>
    <ClCompile Include="..\..\..\..\C\CpuArch.c">
      <Filter>C</Filter>
    </ClCompile>
    <ClCompile Include="..\..\..\..\C\Delta.c">
      <Filter>C</Filter>
    </ClCompile>
    <ClCompile Include="..\..\..\..\C\LzFind.c">
      <Filter>C</Filter>
    </ClCompile>
    <ClCompile Include="..\..\..\..\C\LzFindMt.c">
      <Filter>C</Filter>
    </ClCompile>
    <ClCompile Include="..\..\..\..\C\Lzma2Dec.c">
      <Filter>C</Filter>
    </ClCompile>
    <ClCompile Include="..\..\..\..\C\Lzma2Enc.c">
      <Filter>C</Filter>
    </ClCompile>
    <ClCompile Include="..\..\..\..\C\LzmaDec.c">
      <Filter>C</Filter>
    </ClCompile>
    <ClCompile Include="..\..\..\..\C\LzmaEnc.c">
      <Filter>C</Filter>
    </ClCompile>
    <ClCompile Include="..\..\..\..\C\MtCoder.c">
      <Filter>C</Filter>
    </ClCompile>
    <ClCompile Include="..\..\..\..\C\Threads.c">
      <Filter>C</Filter>
    </ClCompile>
    <ClCompile Include="..\..\Crypto\7zAes.cpp">
      <Filter>Crypto</Filter>
    </ClCompile>
    <ClCompile Include="..\..\Crypto\7zAesRegister.cpp">
      <Filter>Crypto</Filter>
    </ClCompile>
    <ClCompile Include="..\..\Crypto\MyAes.cpp">
      <Filter>Crypto</Filter>
    </ClCompile>
    <ClCompile Include="..\..\Crypto\RandGen.cpp">
      <Filter>Crypto</Filter>
    </ClCompile>
  </ItemGroup>
  <ItemGroup>
    <ResourceCompile Include="resource.rc">
      <Filter>Spec</Filter>
    </ResourceCompile>
  </ItemGroup>
</Project>