<?xml version="1.0" encoding="utf-8"?>
<Project ToolsVersion="4.0" xmlns="http://schemas.microsoft.com/developer/msbuild/2003">
  <ItemGroup>
    <Filter Include="Common">
      <UniqueIdentifier>{451a6c86-f601-4142-a52b-0f6503c5af5c}</UniqueIdentifier>
    </Filter>
    <Filter Include="Spec">
      <UniqueIdentifier>{181831b1-d516-4f4f-a998-0df83d2f9531}</UniqueIdentifier>
    </Filter>
  </ItemGroup>
  <ItemGroup>
    <ClInclude Include="..\..\7zTypes.h">
      <Filter>Common</Filter>
    </ClInclude>
    <ClInclude Include="..\..\7zVersion.h">
      <Filter>Common</Filter>
    </ClInclude>
    <ClInclude Include="Precomp.h">
      <Filter>Spec</Filter>
    </ClInclude>
  </ItemGroup>
  <ItemGroup>
    <ClCompile Include="Precomp.c">
      <Filter>Spec</Filter>
    </ClCompile>
    <ClCompile Include="7zipUninstall.c" />
  </ItemGroup>
  <ItemGroup>
    <ResourceCompile Include="resource.rc" />
  </ItemGroup>
</Project>