<?xml version="1.0" encoding="utf-8"?>
<Project ToolsVersion="4.0" xmlns="http://schemas.microsoft.com/developer/msbuild/2003">
  <ItemGroup>
    <Filter Include="Spec">
      <UniqueIdentifier>{539fd571-eb0d-4600-8cf9-2ce1d06acf48}</UniqueIdentifier>
    </Filter>
    <Filter Include="UI Common">
      <UniqueIdentifier>{b7c44c4c-d141-4ff7-8f37-3d89e0f4b2f2}</UniqueIdentifier>
    </Filter>
    <Filter Include="Engine">
      <UniqueIdentifier>{85c9a0cb-a1d7-4483-9d81-951398a1aeba}</UniqueIdentifier>
    </Filter>
    <Filter Include="FileManager">
      <UniqueIdentifier>{426329fd-e951-48a7-802d-bf5e787a7339}</UniqueIdentifier>
    </Filter>
    <Filter Include="C">
      <UniqueIdentifier>{92efd5c5-af5f-4abe-89b2-44abfa7b4b04}</UniqueIdentifier>
    </Filter>
    <Filter Include="Common">
      <UniqueIdentifier>{e551067d-81f2-4f16-af4e-cc435310ec4d}</UniqueIdentifier>
    </Filter>
    <Filter Include="Windows">
      <UniqueIdentifier>{0bf59bbf-dcdf-48ab-bcf0-ea7673328640}</UniqueIdentifier>
    </Filter>
    <Filter Include="Windows\Control">
      <UniqueIdentifier>{7ea29599-1420-4e7d-b70f-f884171436e9}</UniqueIdentifier>
    </Filter>
  </ItemGroup>
  <ItemGroup>
    <ClCompile Include="DllExportsExplorer.cpp">
      <Filter>Spec</Filter>
    </ClCompile>
    <ClCompile Include="StdAfx.cpp">
      <Filter>Spec</Filter>
    </ClCompile>
    <ClCompile Include="..\Common\ArchiveName.cpp">
      <Filter>UI Common</Filter>
    </ClCompile>
    <ClCompile Include="..\Common\CompressCall.cpp">
      <Filter>UI Common</Filter>
    </ClCompile>
    <ClCompile Include="..\Common\ExtractingFilePath.cpp">
      <Filter>UI Common</Filter>
    </ClCompile>
    <ClCompile Include="..\Common\ZipRegistry.cpp">
      <Filter>UI Common</Filter>
    </ClCompile>
    <ClCompile Include="ContextMenu.cpp">
      <Filter>Engine</Filter>
    </ClCompile>
    <ClCompile Include="MyMessages.cpp">
      <Filter>Engine</Filter>
    </ClCompile>
    <ClCompile Include="..\FileManager\FormatUtils.cpp">
      <Filter>FileManager</Filter>
    </ClCompile>
    <ClCompile Include="..\FileManager\HelpUtils.cpp">
      <Filter>FileManager</Filter>
    </ClCompile>
    <ClCompile Include="..\FileManager\LangUtils.cpp">
      <Filter>FileManager</Filter>
    </ClCompile>
    <ClCompile Include="..\FileManager\ProgramLocation.cpp">
      <Filter>FileManager</Filter>
    </ClCompile>
    <ClCompile Include="..\FileManager\RegistryUtils.cpp">
      <Filter>FileManager</Filter>
    </ClCompile>
    <ClCompile Include="..\..\..\..\C\Threads.c">
      <Filter>C</Filter>
    </ClCompile>
    <ClCompile Include="..\..\..\Common\IntToString.cpp">
      <Filter>Common</Filter>
    </ClCompile>
    <ClCompile Include="..\..\..\Common\Lang.cpp">
      <Filter>Common</Filter>
    </ClCompile>
    <ClCompile Include="..\..\..\Common\MyString.cpp">
      <Filter>Common</Filter>
    </ClCompile>
    <ClCompile Include="..\..\..\Common\MyVector.cpp">
      <Filter>Common</Filter>
    </ClCompile>
    <ClCompile Include="..\..\..\Common\NewHandler.cpp">
      <Filter>Common</Filter>
    </ClCompile>
    <ClCompile Include="..\..\..\Common\Random.cpp">
      <Filter>Common</Filter>
    </ClCompile>
    <ClCompile Include="..\..\..\Common\StringConvert.cpp">
      <Filter>Common</Filter>
    </ClCompile>
    <ClCompile Include="..\..\..\Common\StringToInt.cpp">
      <Filter>Common</Filter>
    </ClCompile>
    <ClCompile Include="..\..\..\Common\UTFConvert.cpp">
      <Filter>Common</Filter>
    </ClCompile>
    <ClCompile Include="..\..\..\Common\Wildcard.cpp">
      <Filter>Common</Filter>
    </ClCompile>
    <ClCompile Include="..\..\..\Windows\Control\Dialog.cpp">
      <Filter>Windows\Control</Filter>
    </ClCompile>
    <ClCompile Include="..\..\..\Windows\Control\ListView.cpp">
      <Filter>Windows\Control</Filter>
    </ClCompile>
    <ClCompile Include="..\..\..\Windows\Control\PropertyPage.cpp">
      <Filter>Windows\Control</Filter>
    </ClCompile>
    <ClCompile Include="..\..\..\Windows\DLL.cpp">
      <Filter>Windows</Filter>
    </ClCompile>
    <ClCompile Include="..\..\..\Windows\ErrorMsg.cpp">
      <Filter>Windows</Filter>
    </ClCompile>
    <ClCompile Include="..\..\..\Windows\FileDir.cpp">
      <Filter>Windows</Filter>
    </ClCompile>
    <ClCompile Include="..\..\..\Windows\FileFind.cpp">
      <Filter>Windows</Filter>
    </ClCompile>
    <ClCompile Include="..\..\..\Windows\FileIO.cpp">
      <Filter>Windows</Filter>
    </ClCompile>
    <ClCompile Include="..\..\..\Windows\FileName.cpp">
      <Filter>Windows</Filter>
    </ClCompile>
    <ClCompile Include="..\..\..\Windows\MemoryGlobal.cpp">
      <Filter>Windows</Filter>
    </ClCompile>
    <ClCompile Include="..\..\..\Windows\Menu.cpp">
      <Filter>Windows</Filter>
    </ClCompile>
    <ClCompile Include="..\..\..\Windows\ProcessUtils.cpp">
      <Filter>Windows</Filter>
    </ClCompile>
    <ClCompile Include="..\..\..\Windows\Registry.cpp">
      <Filter>Windows</Filter>
    </ClCompile>
    <ClCompile Include="..\..\..\Windows\ResourceString.cpp">
      <Filter>Windows</Filter>
    </ClCompile>
    <ClCompile Include="..\..\..\Windows\Shell.cpp">
      <Filter>Windows</Filter>
    </ClCompile>
    <ClCompile Include="..\..\..\Windows\Window.cpp">
      <Filter>Windows</Filter>
    </ClCompile>
  </ItemGroup>
  <ItemGroup>
    <ClInclude Include="resource.h">
      <Filter>Spec</Filter>
    </ClInclude>
    <ClInclude Include="StdAfx.h">
      <Filter>Spec</Filter>
    </ClInclude>
    <ClInclude Include="..\Common\ArchiveName.h">
      <Filter>UI Common</Filter>
    </ClInclude>
    <ClInclude Include="..\Common\CompressCall.h">
      <Filter>UI Common</Filter>
    </ClInclude>
    <ClInclude Include="..\Common\ExtractingFilePath.h">
      <Filter>UI Common</Filter>
    </ClInclude>
    <ClInclude Include="..\Common\ZipRegistry.h">
      <Filter>UI Common</Filter>
    </ClInclude>
    <ClInclude Include="ContextMenu.h">
      <Filter>Engine</Filter>
    </ClInclude>
    <ClInclude Include="MyMessages.h">
      <Filter>Engine</Filter>
    </ClInclude>
    <ClInclude Include="..\FileManager\FormatUtils.h">
      <Filter>FileManager</Filter>
    </ClInclude>
    <ClInclude Include="..\FileManager\HelpUtils.h">
      <Filter>FileManager</Filter>
    </ClInclude>
    <ClInclude Include="..\FileManager\IFolder.h">
      <Filter>FileManager</Filter>
    </ClInclude>
    <ClInclude Include="..\FileManager\LangUtils.h">
      <Filter>FileManager</Filter>
    </ClInclude>
    <ClInclude Include="..\FileManager\ProgramLocation.h">
      <Filter>FileManager</Filter>
    </ClInclude>
    <ClInclude Include="..\FileManager\RegistryUtils.h">
      <Filter>FileManager</Filter>
    </ClInclude>
    <ClInclude Include="..\..\..\..\C\Threads.h">
      <Filter>C</Filter>
    </ClInclude>
    <ClInclude Include="..\..\..\Common\IntToString.h">
      <Filter>Common</Filter>
    </ClInclude>
    <ClInclude Include="..\..\..\Common\Lang.h">
      <Filter>Common</Filter>
    </ClInclude>
    <ClInclude Include="..\..\..\Common\MyCom.h">
      <Filter>Common</Filter>
    </ClInclude>
    <ClInclude Include="..\..\..\Common\MyString.h">
      <Filter>Common</Filter>
    </ClInclude>
    <ClInclude Include="..\..\..\Common\MyVector.h">
      <Filter>Common</Filter>
    </ClInclude>
    <ClInclude Include="..\..\..\Common\NewHandler.h">
      <Filter>Common</Filter>
    </ClInclude>
    <ClInclude Include="..\..\..\Common\Random.h">
      <Filter>Common</Filter>
    </ClInclude>
    <ClInclude Include="..\..\..\Common\StringConvert.h">
      <Filter>Common</Filter>
    </ClInclude>
    <ClInclude Include="..\..\..\Common\StringToInt.h">
      <Filter>Common</Filter>
    </ClInclude>
    <ClInclude Include="..\..\..\Common\Types.h">
      <Filter>Common</Filter>
    </ClInclude>
    <ClInclude Include="..\..\..\Common\UTFConvert.h">
      <Filter>Common</Filter>
    </ClInclude>
    <ClInclude Include="..\..\..\Common\Wildcard.h">
      <Filter>Common</Filter>
    </ClInclude>
    <ClInclude Include="..\..\..\Windows\Control\Dialog.h">
      <Filter>Windows\Control</Filter>
    </ClInclude>
    <ClInclude Include="..\..\..\Windows\Control\ListView.h">
      <Filter>Windows\Control</Filter>
    </ClInclude>
    <ClInclude Include="..\..\..\Windows\Control\PropertyPage.h">
      <Filter>Windows\Control</Filter>
    </ClInclude>
    <ClInclude Include="..\..\..\Windows\DLL.h">
      <Filter>Windows</Filter>
    </ClInclude>
    <ClInclude Include="..\..\..\Windows\ErrorMsg.h">
      <Filter>Windows</Filter>
    </ClInclude>
    <ClInclude Include="..\..\..\Windows\FileDir.h">
      <Filter>Windows</Filter>
    </ClInclude>
    <ClInclude Include="..\..\..\Windows\FileFind.h">
      <Filter>Windows</Filter>
    </ClInclude>
    <ClInclude Include="..\..\..\Windows\FileIO.h">
      <Filter>Windows</Filter>
    </ClInclude>
    <ClInclude Include="..\..\..\Windows\FileMapping.h">
      <Filter>Windows</Filter>
    </ClInclude>
    <ClInclude Include="..\..\..\Windows\FileName.h">
      <Filter>Windows</Filter>
    </ClInclude>
    <ClInclude Include="..\..\..\Windows\MemoryGlobal.h">
      <Filter>Windows</Filter>
    </ClInclude>
    <ClInclude Include="..\..\..\Windows\Menu.h">
      <Filter>Windows</Filter>
    </ClInclude>
    <ClInclude Include="..\..\..\Windows\ProcessUtils.h">
      <Filter>Windows</Filter>
    </ClInclude>
    <ClInclude Include="..\..\..\Windows\Registry.h">
      <Filter>Windows</Filter>
    </ClInclude>
    <ClInclude Include="..\..\..\Windows\ResourceString.h">
      <Filter>Windows</Filter>
    </ClInclude>
    <ClInclude Include="..\..\..\Windows\Shell.h">
      <Filter>Windows</Filter>
    </ClInclude>
    <ClInclude Include="..\..\..\Windows\Synchronization.h">
      <Filter>Windows</Filter>
    </ClInclude>
    <ClInclude Include="..\..\..\Windows\Window.h">
      <Filter>Windows</Filter>
    </ClInclude>
    <ClInclude Include="ContextMenuFlags.h" />
  </ItemGroup>
  <ItemGroup>
    <ResourceCompile Include="resource.rc">
      <Filter>Spec</Filter>
    </ResourceCompile>
  </ItemGroup>
  <ItemGroup>
    <Manifest Include="7-zip.dll.manifest" />
  </ItemGroup>
  <ItemGroup>
    <CustomBuild Include="Explorer.def">
      <Filter>Spec</Filter>
    </CustomBuild>
  </ItemGroup>
</Project>